// !$*UTF8*$!
{
	archiveVersion = 1;
	classes = {
	};
	objectVersion = 77;
	objects = {

/* Begin PBXBuildFile section */
		001C1799607597FF87EBFD4A /* AuraZoneMath.swift in Sources */ = {isa = PBXBuildFile; fileRef = A508BFAF107D8A2151E7D739 /* AuraZoneMath.swift */; };
		00858036903D79DB00741558 /* activity_history_transformer.mlpackage in Sources */ = {isa = PBXBuildFile; fileRef = 7D0ABED30CF6861382F0053E /* activity_history_transformer.mlpackage */; };
		00D151E134739C2FE0F8B841 /* activity_ensemble.mlpackage in Sources */ = {isa = PBXBuildFile; fileRef = 6D3C89300A02D56CF61D1ADA /* activity_ensemble.mlpackage */; };
		0381871DC5395602F0C3BE6E /* MavStrengthView.swift in Sources */ = {isa = PBXBuildFile; fileRef = 68B5903D83A0C96D71D51891 /* MavStrengthView.swift */; };
		06C546BC41187880B5485289 /* MavAnalyticsEngineTests.swift in Sources */ = {isa = PBXBuildFile; fileRef = D09A5C7B731BDD08E94DBD29 /* MavAnalyticsEngineTests.swift */; };
		0704DAE09FC49A06C7339048 /* MavReportsView.swift in Sources */ = {isa = PBXBuildFile; fileRef = 8A2FA09FEAA815D4E4C70EFD /* MavReportsView.swift */; };
		08303D4153F7A4F7308F8E29 /* ConnectorManagement.swift in Sources */ = {isa = PBXBuildFile; fileRef = B5249FF3636C461B75A5DA9A /* ConnectorManagement.swift */; };
		0924470A2A01B324BD7C488B /* MavWorkoutsView.swift in Sources */ = {isa = PBXBuildFile; fileRef = 4349489F5F22BF85A33097B8 /* MavWorkoutsView.swift */; };
		0A19B8C5D77D6F8429D8CDA9 /* sleepnet_bdi_v3.mlpackage in Sources */ = {isa = PBXBuildFile; fileRef = 3B29D5EABB4326883DD0C160 /* sleepnet_bdi_v3.mlpackage */; };
		0A3B4F6246F49465765D012D /* Stores.swift in Sources */ = {isa = PBXBuildFile; fileRef = E5CC4D752270D3E077DB9AF3 /* Stores.swift */; };
		0A43E7DF07B123CC1A3A68C9 /* MavAnalyticsView.swift in Sources */ = {isa = PBXBuildFile; fileRef = 184D0587E8774F3D119D4222 /* MavAnalyticsView.swift */; };
		0C7508FE60D710A6AA5AC1D5 /* MavEcgView.swift in Sources */ = {isa = PBXBuildFile; fileRef = 74254F2A2DD3F8E2441AB014 /* MavEcgView.swift */; };
		13712B5736355DB09AD5912E /* WorkoutPrefs.swift in Sources */ = {isa = PBXBuildFile; fileRef = 1142256492D4FB00CB48A6C9 /* WorkoutPrefs.swift */; };
		14BF58C6BE688FBB17785DCF /* awhr_imputation.mlpackage in Sources */ = {isa = PBXBuildFile; fileRef = 5E85FE9CDE7B197DFAB95FFE /* awhr_imputation.mlpackage */; };
		159188AD75D928A2AE358437 /* a_irregular_70.csv in Resources */ = {isa = PBXBuildFile; fileRef = 7138E4D94989038A858BC798 /* a_irregular_70.csv */; };
		161D7828D7BCE20AC62240C9 /* MavConnectorsView.swift in Sources */ = {isa = PBXBuildFile; fileRef = E725CEA2DCCA28CA8FD01003 /* MavConnectorsView.swift */; };
		16D7046B787033D66B380921 /* ConnectorManagementTests.swift in Sources */ = {isa = PBXBuildFile; fileRef = E8BA2A01B4C9EA1B9681FD7E /* ConnectorManagementTests.swift */; };
		19FCD6B5A898F3A8C2D135FA /* MavWorkoutConfigTests.swift in Sources */ = {isa = PBXBuildFile; fileRef = 0242387E8E924633099F117B /* MavWorkoutConfigTests.swift */; };
		1A80ECA32F8DCB1047063A5D /* pulse_ppg.mlpackage in Sources */ = {isa = PBXBuildFile; fileRef = 174C7CD9E6117274F3B5EEC3 /* pulse_ppg.mlpackage */; };
		1AD6A9A1DCBB8FD7DF2BBCD8 /* MavSnapshot.swift in Sources */ = {isa = PBXBuildFile; fileRef = D81BB132E15FD138D990D171 /* MavSnapshot.swift */; };
		1F5230AE9D087406D80279F9 /* Localizable.strings in Resources */ = {isa = PBXBuildFile; fileRef = 5D9A0CF5903C198DB3FCD4AE /* Localizable.strings */; };
		2146C851E65CF4084D14FF92 /* MavCharts.swift in Sources */ = {isa = PBXBuildFile; fileRef = 8A3506FC301EC385294EC39E /* MavCharts.swift */; };
		2551097DB8C58253ED4F1BDA /* MavModelCatalog.swift in Sources */ = {isa = PBXBuildFile; fileRef = F16DE87D3D0F3B63B0F97B5A /* MavModelCatalog.swift */; };
		26391F9C3309AE7A5D082165 /* MavStrengthTraining.swift in Sources */ = {isa = PBXBuildFile; fileRef = E0AA768583510E28245102A2 /* MavStrengthTraining.swift */; };
		26D0EA0FBB6498B82C59F88D /* sleepnet_bdi.mlpackage in Sources */ = {isa = PBXBuildFile; fileRef = 652BD31312901D11A866D4AB /* sleepnet_bdi.mlpackage */; };
		2B842569A22459C1F5FF7287 /* MavTheme.swift in Sources */ = {isa = PBXBuildFile; fileRef = 4D4097AD324073156684F693 /* MavTheme.swift */; };
		2B9F75CC58EC128BF5EF6F83 /* halite_ppg_score.mlpackage in Sources */ = {isa = PBXBuildFile; fileRef = 1411016E80EC956AB4185328 /* halite_ppg_score.mlpackage */; };
		2DE0B857C5891CE35B6F6888 /* n_regular_90.csv in Resources */ = {isa = PBXBuildFile; fileRef = 451C03C0622F8A593E1C45BA /* n_regular_90.csv */; };
		3028738B38DC4CC5BA121DFC /* popsicle_min_follicular.mlpackage in Sources */ = {isa = PBXBuildFile; fileRef = 30CCFF05EC16806C95CAFC3A /* popsicle_min_follicular.mlpackage */; };
		303F66DA6FD245A4330913DC /* MavCoreAnalyticsRuntime.swift in Sources */ = {isa = PBXBuildFile; fileRef = D04A83EC53A946A18F5CF75B /* MavCoreAnalyticsRuntime.swift */; };
		30ECCB50D68E0447A32152FB /* awhr_profile_head.mlpackage in Sources */ = {isa = PBXBuildFile; fileRef = F85F4D25DBF85788547FFAEA /* awhr_profile_head.mlpackage */; };
		3264799A6E985917C2DC9528 /* popsicle_ovulation_prediction.mlpackage in Sources */ = {isa = PBXBuildFile; fileRef = DD26E77400D9DAA30D7A8259 /* popsicle_ovulation_prediction.mlpackage */; };
		38458E2334D97C4ADAA544D0 /* a_irregular_110.csv in Resources */ = {isa = PBXBuildFile; fileRef = 2E55FADFB21EF1CF9532A4B9 /* a_irregular_110.csv */; };
		3AD15B2DF057BF520A644944 /* MavCycleView.swift in Sources */ = {isa = PBXBuildFile; fileRef = 99141864CBDCB8D42D87EC62 /* MavCycleView.swift */; };
		45723AE4FB79A0449A80D58C /* popsicle_period_prediction_v16.mlpackage in Sources */ = {isa = PBXBuildFile; fileRef = 3320E53D5FE9507F449DFDF2 /* popsicle_period_prediction_v16.mlpackage */; };
		459750D38A50F9C1D46E375D /* popsicle_min_follicular_v16.mlpackage in Sources */ = {isa = PBXBuildFile; fileRef = 451A37839CA4CCD25EA648E0 /* popsicle_min_follicular_v16.mlpackage */; };
		46F3839933F90C315409A049 /* MavModelZooTests.swift in Sources */ = {isa = PBXBuildFile; fileRef = E04B2EAC4E12763779F7E48E /* MavModelZooTests.swift */; };
		4A41D2CC9FC247088006CB19 /* mav_ffi.swift in Sources */ = {isa = PBXBuildFile; fileRef = 911982AFABE1A211FF7AE620 /* mav_ffi.swift */; };
		4E81B38D48BDB49C2B493171 /* popsicle_period_prediction.mlpackage in Sources */ = {isa = PBXBuildFile; fileRef = 498D53CB6EB1A15BD909B714 /* popsicle_period_prediction.mlpackage */; };
		5034D7315ED71F586C2BEC07 /* popsicle_ovulation_prediction_v16.mlpackage in Sources */ = {isa = PBXBuildFile; fileRef = 7A6C1781EEB40E29BE3C6190 /* popsicle_ovulation_prediction_v16.mlpackage */; };
		50FCE15FBAC6697F5B2AC2C0 /* nao_full_ecg_model_fp16.mlpackage in Sources */ = {isa = PBXBuildFile; fileRef = 1065FEFA27777263E5C8F9A3 /* nao_full_ecg_model_fp16.mlpackage */; };
		527465D77BB9B5B5AFB309EC /* pulsenet_foundation.mlpackage in Sources */ = {isa = PBXBuildFile; fileRef = E1B14EB9E773ACBA78447A26 /* pulsenet_foundation.mlpackage */; };
		537205397C4F0BB19ED80730 /* generic_hr_v1.mavconn in Resources */ = {isa = PBXBuildFile; fileRef = DF3FB61CB0D9A2D4EDD6DE54 /* generic_hr_v1.mavconn */; };
		5494C89F6E2F3AF3B6EBD2DC /* MavElapsedTests.swift in Sources */ = {isa = PBXBuildFile; fileRef = F2FAEFD0D8E895FD77F9735B /* MavElapsedTests.swift */; };
		549AA747C4CBD9E6237734AA /* whoop4_v1.mavconn in Resources */ = {isa = PBXBuildFile; fileRef = BA6C5B411E80887EC6B34280 /* whoop4_v1.mavconn */; };
		553E9AE6D0DF7E745B7DA739 /* MavStore.swift in Sources */ = {isa = PBXBuildFile; fileRef = 9F54528C914D0CBF2B09C338 /* MavStore.swift */; };
		573A30C787107C21D9955132 /* cva_encoder.mlpackage in Sources */ = {isa = PBXBuildFile; fileRef = 8BA956187237F9A25266D175 /* cva_encoder.mlpackage */; };
		57AAD6FC22ACA6EB1838AA13 /* behavior_embedding.mlpackage in Sources */ = {isa = PBXBuildFile; fileRef = B2B5156EB260CA9C05A015AD /* behavior_embedding.mlpackage */; };
		5A4BF1053485D23EF5E8E1C0 /* RouteMath.swift in Sources */ = {isa = PBXBuildFile; fileRef = 61B0D1EF5B46E5E015A8AE03 /* RouteMath.swift */; };
		5BB1937F5BF562C34ED68057 /* n_regular_55.csv in Resources */ = {isa = PBXBuildFile; fileRef = 17537B0B57E5F0AB1B519101 /* n_regular_55.csv */; };
		603A65AB3D6EF0ADA2B83EBD /* WidgetAnchorTests.swift in Sources */ = {isa = PBXBuildFile; fileRef = 186BBE0388C59C875F86413D /* WidgetAnchorTests.swift */; };
		619577474C9D1261A3C6F7BA /* MavCore.xcframework in Frameworks */ = {isa = PBXBuildFile; fileRef = BC4DDC7FE63A5BD0D9B52928 /* MavCore.xcframework */; };
		633F9F33468C047D2B0978CD /* activity_detection.mlpackage in Sources */ = {isa = PBXBuildFile; fileRef = D4214C9C4032CDB2468BB8F6 /* activity_detection.mlpackage */; };
		66321EC3F4B7A008BEB970AC /* whoop4_parity_v1.expected.json in Resources */ = {isa = PBXBuildFile; fileRef = F0ED95858C7EE69BAE8158A0 /* whoop4_parity_v1.expected.json */; };
		66EA193833388E7417657817 /* o_bigeminy_80.csv in Resources */ = {isa = PBXBuildFile; fileRef = F31A389B1EFA6A7487597EE9 /* o_bigeminy_80.csv */; };
		67C0B62BD1C1E806705B9BE9 /* sleepnet_moonstone.mlpackage in Sources */ = {isa = PBXBuildFile; fileRef = A5FC44E5B8A664A8F3E34B53 /* sleepnet_moonstone.mlpackage */; };
		6B0CCD0F533DB8A4AD46E59E /* MaverickApp.swift in Sources */ = {isa = PBXBuildFile; fileRef = BC45713B7650201F3BBA999F /* MaverickApp.swift */; };
		6C5ECDECDDD599A96E8E3B3C /* halite_risk_tree.mlpackage in Sources */ = {isa = PBXBuildFile; fileRef = ED6584E8690B3AFA0BE3B138 /* halite_risk_tree.mlpackage */; };
		6C76DD0C5B5AB79E65502A74 /* awhr_profile_core.mlpackage in Sources */ = {isa = PBXBuildFile; fileRef = 1E0EA44D915FC79CF909C6B2 /* awhr_profile_core.mlpackage */; };
		6C9D8AA048EBCB240FFC0D31 /* cva_probes_female.mlpackage in Sources */ = {isa = PBXBuildFile; fileRef = E7A25BEA59C58AB3F0154539 /* cva_probes_female.mlpackage */; };
		6DEE8D42435079CF6E716878 /* MavAnalyticsState.swift in Sources */ = {isa = PBXBuildFile; fileRef = 33D1B85F70329DD7409FF77B /* MavAnalyticsState.swift */; };
		6F5EE7855CCD859B56BD52C0 /* MavBluetoothExecutor.swift in Sources */ = {isa = PBXBuildFile; fileRef = AEAB14C8803FB1F711848BBE /* MavBluetoothExecutor.swift */; };
		7688A51438B4D7D526F3788C /* MavAnalyticsStateTests.swift in Sources */ = {isa = PBXBuildFile; fileRef = FC16BB032442CEC647295747 /* MavAnalyticsStateTests.swift */; };
		76BA140473B5D1A65F12968A /* activity_primary_segments.mlpackage in Sources */ = {isa = PBXBuildFile; fileRef = 856C4AD09AB65B928E3D1114 /* activity_primary_segments.mlpackage */; };
		7C02476652A0BE902180CAEC /* MavNarrative.swift in Sources */ = {isa = PBXBuildFile; fileRef = 7903695A68363C1EA2529CAC /* MavNarrative.swift */; };
		820B63742917AD5AE9DCC197 /* cva_predictor_v1_base.mlpackage in Sources */ = {isa = PBXBuildFile; fileRef = 513A847637DB6BAE75882DC5 /* cva_predictor_v1_base.mlpackage */; };
		82DF30F6A96F5E052679DDAA /* MavEcgPDFRenderer.swift in Sources */ = {isa = PBXBuildFile; fileRef = 3C4A2D6F2413DE4B26028C91 /* MavEcgPDFRenderer.swift */; };
		83E9910722A3DB8A35E88BEB /* Units.swift in Sources */ = {isa = PBXBuildFile; fileRef = F0773D80E2F6F94F0D2412C4 /* Units.swift */; };
		84F63BD9D11757B944766716 /* MavModelBridge.swift in Sources */ = {isa = PBXBuildFile; fileRef = 3FAE9E98D64253C6D8DBDA87 /* MavModelBridge.swift */; };
		851D19A9AEF12ECC33DB5F91 /* StoreDiagnostics.swift in Sources */ = {isa = PBXBuildFile; fileRef = F7C7D073C4D7BBF3084890F5 /* StoreDiagnostics.swift */; };
		86BD6AA620F79837FFC7825F /* MavEcgClassifier.swift in Sources */ = {isa = PBXBuildFile; fileRef = 577B0340BF3DFBB1F3205985 /* MavEcgClassifier.swift */; };
		8818B43E586A9FD27E9EE9BE /* MavMetric.swift in Sources */ = {isa = PBXBuildFile; fileRef = 2B12279CF402937E3EDE11D6 /* MavMetric.swift */; };
		8869115C5E55A9F3DCCD5C2A /* MavDeviceSheet.swift in Sources */ = {isa = PBXBuildFile; fileRef = 32FA5D190237CB4C0832318C /* MavDeviceSheet.swift */; };
		8BB6C251B9D029A2DED3D107 /* host_snapshot_v1.expected.json in Resources */ = {isa = PBXBuildFile; fileRef = B3A85C0857CDA7DA5828E20D /* host_snapshot_v1.expected.json */; };
		8E98EEE37B14C0527E3CA84C /* MavMilestonesTests.swift in Sources */ = {isa = PBXBuildFile; fileRef = 062F42BD1ADFC6C680634CC2 /* MavMilestonesTests.swift */; };
		8F103CC0292FDE65F7B8E0BA /* manifest.json in Resources */ = {isa = PBXBuildFile; fileRef = 332796BDF4D2D1214108CE97 /* manifest.json */; };
		91924DBCB0AD9E7D13637855 /* illness_detection.mlpackage in Sources */ = {isa = PBXBuildFile; fileRef = 89081E0514199882301518BF /* illness_detection.mlpackage */; };
		9344A42D3645B6F6A7CCD831 /* MavSnapshotTests.swift in Sources */ = {isa = PBXBuildFile; fileRef = 14A49EDDB7C36481A91500DC /* MavSnapshotTests.swift */; };
		962094EF2A40C0255BE37F74 /* AuraTokens.generated.swift in Sources */ = {isa = PBXBuildFile; fileRef = 869881367BC11B7522254C38 /* AuraTokens.generated.swift */; };
		99C083F4ACD02014DEAF18C5 /* MavSportCatalog.swift in Sources */ = {isa = PBXBuildFile; fileRef = 32ACCBC8F749804DCA57D71F /* MavSportCatalog.swift */; };
		9B0E3A7CCBEA86CDBF0AFE35 /* activity_context_embedding.mlpackage in Sources */ = {isa = PBXBuildFile; fileRef = 43DACEB7994C44244D93E562 /* activity_context_embedding.mlpackage */; };
		9CCC21EA725AD8184732BD36 /* MavVitalsView.swift in Sources */ = {isa = PBXBuildFile; fileRef = 316C3859F47FF177EDFD9B86 /* MavVitalsView.swift */; };
		A33EBA4378436EEDEBED4E45 /* MavHaptics.swift in Sources */ = {isa = PBXBuildFile; fileRef = 49F404B46E83FC0675B2358B /* MavHaptics.swift */; };
		A5C07676138137A686BB37DB /* MavBackgroundAnalytics.swift in Sources */ = {isa = PBXBuildFile; fileRef = B71AB08B950930E41DDED51E /* MavBackgroundAnalytics.swift */; };
		A675F605BA138EDB00BA3AD3 /* generic_hr_parity_v1.expected.json in Resources */ = {isa = PBXBuildFile; fileRef = 1285517A4AFA1B3F0656CEFD /* generic_hr_parity_v1.expected.json */; };
		AEE958CB7AFCC8040A024802 /* MavThemeTests.swift in Sources */ = {isa = PBXBuildFile; fileRef = 23CFB48160BB2DE1EA42BF4E /* MavThemeTests.swift */; };
		B0A76FAB04EA1408E18865C8 /* o_tachy_120.csv in Resources */ = {isa = PBXBuildFile; fileRef = 4EBADB12FB8A547884E75B5E /* o_tachy_120.csv */; };
		B5F048BB0A13BFE5B2F192E7 /* energy_expenditure_no_hr.mlpackage in Sources */ = {isa = PBXBuildFile; fileRef = 350A5135579CB479A6B2AC64 /* energy_expenditure_no_hr.mlpackage */; };
		B638943B2904B7A8C2E7BB64 /* MavSettingsSheet.swift in Sources */ = {isa = PBXBuildFile; fileRef = 4FB9956EC65EDC215F3CA58F /* MavSettingsSheet.swift */; };
		B667A38057FBBD8E044E8AC4 /* MavMilestones.swift in Sources */ = {isa = PBXBuildFile; fileRef = 4AB2E12B234B724D3C22EE28 /* MavMilestones.swift */; };
		B68615E8FC696FF66BECC302 /* activity_transition.mlpackage in Sources */ = {isa = PBXBuildFile; fileRef = 862B05024B1F636D097AE1E8 /* activity_transition.mlpackage */; };
		B94418F69209D235626E4604 /* CycleLog.swift in Sources */ = {isa = PBXBuildFile; fileRef = 8187269BFF7ED9B398E73504 /* CycleLog.swift */; };
		BA28C3D83D81CD014D987B45 /* HonestEmptinessTests.swift in Sources */ = {isa = PBXBuildFile; fileRef = 049341216358E81CCDC3044B /* HonestEmptinessTests.swift */; };
		BDF7BC0C446E61462E3F9F1C /* o_brady_40.csv in Resources */ = {isa = PBXBuildFile; fileRef = 633304F0696786E8935AB9AD /* o_brady_40.csv */; };
		BE88F51C439C6B5C87199E90 /* source_embedding.mlpackage in Sources */ = {isa = PBXBuildFile; fileRef = 6D8732F625F8ED36FCA7D88B /* source_embedding.mlpackage */; };
		BE9A55E8AA3FCE7CBE8A1806 /* step_multiplier.mlpackage in Sources */ = {isa = PBXBuildFile; fileRef = 8DBDAF6425109FCAC2B49917 /* step_multiplier.mlpackage */; };
		BF1FB9EF771566B801599C13 /* whoop5_v1.mavconn in Resources */ = {isa = PBXBuildFile; fileRef = 6BA9109669FEDFE61B2A0B3D /* whoop5_v1.mavconn */; };
		C263D86C965501A11430223C /* AppModelApplyTests.swift in Sources */ = {isa = PBXBuildFile; fileRef = 7B3A80484C0D2EBE2A641896 /* AppModelApplyTests.swift */; };
		C51780D648B2E7FE10B0BE83 /* whoop5_parity_v1.expected.json in Resources */ = {isa = PBXBuildFile; fileRef = 1054DBC84705088AB71BF7F0 /* whoop5_parity_v1.expected.json */; };
		C7C7C75EE912047AFAF132AB /* MavPresent.swift in Sources */ = {isa = PBXBuildFile; fileRef = DE0EEC1686C819DFDDDE874B /* MavPresent.swift */; };
		C7E950C8D717EB6627408530 /* Appearance.swift in Sources */ = {isa = PBXBuildFile; fileRef = 06C308EF1E54DE57286D0D95 /* Appearance.swift */; };
		C8611DB2185D637C18CE6C08 /* popsicle_ovulation_detection.mlpackage in Sources */ = {isa = PBXBuildFile; fileRef = 9DCBEFE843A8DD3275ECCDB4 /* popsicle_ovulation_detection.mlpackage */; };
		C9FA090530F118AB9D0ED14F /* MavKit.swift in Sources */ = {isa = PBXBuildFile; fileRef = 6836ED6D7FEC56E3717EF5ED /* MavKit.swift */; };
		CCEE7127CE9843DD56CD519D /* step_eligibility.mlpackage in Sources */ = {isa = PBXBuildFile; fileRef = 53281EA9ABE9EFF78EF69C8A /* step_eligibility.mlpackage */; };
		D0A726CFA480FAD158F554CB /* n_regular_72.csv in Resources */ = {isa = PBXBuildFile; fileRef = 3EA0244BE307C4F6A7BE2786 /* n_regular_72.csv */; };
		D130625DDBC84502720729E5 /* MavPresentTests.swift in Sources */ = {isa = PBXBuildFile; fileRef = 22E83E1E5CE372E1D15D8A2F /* MavPresentTests.swift */; };
		D1DC47E9047D8ABE8188B79E /* activity_secondary_segments.mlpackage in Sources */ = {isa = PBXBuildFile; fileRef = 6585A9F14D02ADC3F099AFA3 /* activity_secondary_segments.mlpackage */; };
		D1F7BE93ED08ACB5FA4B42E4 /* popsicle_ovulation_detection_v16.mlpackage in Sources */ = {isa = PBXBuildFile; fileRef = EB52C1B319AFAFF9C018343B /* popsicle_ovulation_detection_v16.mlpackage */; };
		D3590C975B9FE838FEC4CB73 /* dhrv_imputation.mlpackage in Sources */ = {isa = PBXBuildFile; fileRef = 33F6D5DD7A3C531CBDD98DD0 /* dhrv_imputation.mlpackage */; };
		D6CF0895F281D6F2C2FE32AD /* MavEcgTrace.swift in Sources */ = {isa = PBXBuildFile; fileRef = 9191EF27856F01A969DB3A76 /* MavEcgTrace.swift */; };
		DAA0C614E3DEF36ABF76BDDB /* step_head.mlpackage in Sources */ = {isa = PBXBuildFile; fileRef = E19F20B3C5D4141EDED8B6C3 /* step_head.mlpackage */; };
		DAF00D48AAE79971B6604B79 /* ConnectorParityTests.swift in Sources */ = {isa = PBXBuildFile; fileRef = 198C07539A04441F7AEB0C0F /* ConnectorParityTests.swift */; };
		E3E51251BDEDD1881B74BC8B /* TrainingTargets.swift in Sources */ = {isa = PBXBuildFile; fileRef = 0DB9A882C4DE52613D3F964C /* TrainingTargets.swift */; };
		E602C85122D335740692DDBD /* a_irregular_90.csv in Resources */ = {isa = PBXBuildFile; fileRef = 18934D6CE3882CFF73B3ED90 /* a_irregular_90.csv */; };
		E9AF946776AC7C5F387AEA33 /* MavShell.swift in Sources */ = {isa = PBXBuildFile; fileRef = B4ABDFE81EDEEB916FFBF8FE /* MavShell.swift */; };
		EA49C95949F8915775CACF7C /* awhr_profile_recurrent.mlpackage in Sources */ = {isa = PBXBuildFile; fileRef = EF62FBC7F43D681F3010BEC1 /* awhr_profile_recurrent.mlpackage */; };
		EAA03D5EE2B54DBDCD09B86E /* whr_unet_encoder.mlpackage in Sources */ = {isa = PBXBuildFile; fileRef = 1F92D7234E3C5E19D3731AC5 /* whr_unet_encoder.mlpackage */; };
		EACDB7CBB5BD13C69E48EF8C /* MavDebugFixture.swift in Sources */ = {isa = PBXBuildFile; fileRef = FEC6882F022B59230C110B22 /* MavDebugFixture.swift */; };
		EC585609D58CB5277B65DA2A /* MavAnalyticsEngine.swift in Sources */ = {isa = PBXBuildFile; fileRef = 2BC0E62FBA9D516AB83EFC19 /* MavAnalyticsEngine.swift */; };
		EDE3AE771981914E2B636908 /* WorkoutZones.swift in Sources */ = {isa = PBXBuildFile; fileRef = EB9B4905A2A02F23F7DD65BF /* WorkoutZones.swift */; };
		EE18BD3668F16ED5DD364CD6 /* MavTodayView.swift in Sources */ = {isa = PBXBuildFile; fileRef = 02E2E823B0179E6F79AFEC8A /* MavTodayView.swift */; };
		EE7327725A6BEEDDCD1BE92D /* cva_probes_male.mlpackage in Sources */ = {isa = PBXBuildFile; fileRef = 33988B733068D776DB5EDEF0 /* cva_probes_male.mlpackage */; };
		EF59951B90E9759F17127C9C /* Assets.xcassets in Resources */ = {isa = PBXBuildFile; fileRef = 992A37D3858D7A039FB29BDA /* Assets.xcassets */; };
		F3132DD593DFECFE72728E76 /* generic-hr.mavconn in Resources */ = {isa = PBXBuildFile; fileRef = 509BC710AF5B0C9E22115E64 /* generic-hr.mavconn */; };
		F63D1DBDDE6A4EF620583FD5 /* MavHapticsTests.swift in Sources */ = {isa = PBXBuildFile; fileRef = 47FE854B68A598D1A6D51E26 /* MavHapticsTests.swift */; };
		F6C2EFE83D77D679E91FAE4F /* JournalCatalog.swift in Sources */ = {isa = PBXBuildFile; fileRef = E5C0ACFC5483F357F3E50E52 /* JournalCatalog.swift */; };
		F74FA0B4233F12D3283A2CF5 /* Repository.swift in Sources */ = {isa = PBXBuildFile; fileRef = 20DD728BFA39E9918A058CD9 /* Repository.swift */; };
		F76E90CD00CFCCF0D1F8A8C3 /* energy_expenditure_hr.mlpackage in Sources */ = {isa = PBXBuildFile; fileRef = 8400EA9184FC3C25CA7921EE /* energy_expenditure_hr.mlpackage */; };
		F9B051DDAABCD2C617778E8E /* ReadModels.swift in Sources */ = {isa = PBXBuildFile; fileRef = 2142FDE4257BF0BF9F8BAF62 /* ReadModels.swift */; };
		FA189889F918147EB9581B3A /* MavMetricDetailView.swift in Sources */ = {isa = PBXBuildFile; fileRef = 8A552F06D4ED28F0459FC6E1 /* MavMetricDetailView.swift */; };
		FAFC29EEDB2066BABCA30405 /* whr_unet_head.mlpackage in Sources */ = {isa = PBXBuildFile; fileRef = 35707F79568CF2A80C80AD8A /* whr_unet_head.mlpackage */; };
		FC838EFEA78C5A7F3CCC6109 /* MavModelRunner.swift in Sources */ = {isa = PBXBuildFile; fileRef = 6A141959201E4EB00A533D15 /* MavModelRunner.swift */; };
		FC9FF7ECD188755F1D37277A /* MavEcgClassifierTests.swift in Sources */ = {isa = PBXBuildFile; fileRef = 25B484C387F94AA33B2E9492 /* MavEcgClassifierTests.swift */; };
/* End PBXBuildFile section */

/* Begin PBXContainerItemProxy section */
		A91F3819C193E6A082BE4764 /* PBXContainerItemProxy */ = {
			isa = PBXContainerItemProxy;
			containerPortal = 52F1BE0A143BF1B4318C4815 /* Project object */;
			proxyType = 1;
			remoteGlobalIDString = B7AB589C45DFAC129547CB2B;
			remoteInfo = Maverick;
		};
/* End PBXContainerItemProxy section */

/* Begin PBXFileReference section */
		0242387E8E924633099F117B /* MavWorkoutConfigTests.swift */ = {isa = PBXFileReference; lastKnownFileType = sourcecode.swift; path = MavWorkoutConfigTests.swift; sourceTree = "<group>"; };
		02E2E823B0179E6F79AFEC8A /* MavTodayView.swift */ = {isa = PBXFileReference; lastKnownFileType = sourcecode.swift; path = MavTodayView.swift; sourceTree = "<group>"; };
		049341216358E81CCDC3044B /* HonestEmptinessTests.swift */ = {isa = PBXFileReference; lastKnownFileType = sourcecode.swift; path = HonestEmptinessTests.swift; sourceTree = "<group>"; };
		062F42BD1ADFC6C680634CC2 /* MavMilestonesTests.swift */ = {isa = PBXFileReference; lastKnownFileType = sourcecode.swift; path = MavMilestonesTests.swift; sourceTree = "<group>"; };
		06C308EF1E54DE57286D0D95 /* Appearance.swift */ = {isa = PBXFileReference; lastKnownFileType = sourcecode.swift; path = Appearance.swift; sourceTree = "<group>"; };
		0DB9A882C4DE52613D3F964C /* TrainingTargets.swift */ = {isa = PBXFileReference; lastKnownFileType = sourcecode.swift; path = TrainingTargets.swift; sourceTree = "<group>"; };
		1054DBC84705088AB71BF7F0 /* whoop5_parity_v1.expected.json */ = {isa = PBXFileReference; lastKnownFileType = text.json; path = whoop5_parity_v1.expected.json; sourceTree = "<group>"; };
		1065FEFA27777263E5C8F9A3 /* nao_full_ecg_model_fp16.mlpackage */ = {isa = PBXFileReference; path = nao_full_ecg_model_fp16.mlpackage; sourceTree = "<group>"; };
		1142256492D4FB00CB48A6C9 /* WorkoutPrefs.swift */ = {isa = PBXFileReference; lastKnownFileType = sourcecode.swift; path = WorkoutPrefs.swift; sourceTree = "<group>"; };
		1285517A4AFA1B3F0656CEFD /* generic_hr_parity_v1.expected.json */ = {isa = PBXFileReference; lastKnownFileType = text.json; path = generic_hr_parity_v1.expected.json; sourceTree = "<group>"; };
		1411016E80EC956AB4185328 /* halite_ppg_score.mlpackage */ = {isa = PBXFileReference; path = halite_ppg_score.mlpackage; sourceTree = "<group>"; };
		14A49EDDB7C36481A91500DC /* MavSnapshotTests.swift */ = {isa = PBXFileReference; lastKnownFileType = sourcecode.swift; path = MavSnapshotTests.swift; sourceTree = "<group>"; };
		174C7CD9E6117274F3B5EEC3 /* pulse_ppg.mlpackage */ = {isa = PBXFileReference; path = pulse_ppg.mlpackage; sourceTree = "<group>"; };
		17537B0B57E5F0AB1B519101 /* n_regular_55.csv */ = {isa = PBXFileReference; path = n_regular_55.csv; sourceTree = "<group>"; };
		184D0587E8774F3D119D4222 /* MavAnalyticsView.swift */ = {isa = PBXFileReference; lastKnownFileType = sourcecode.swift; path = MavAnalyticsView.swift; sourceTree = "<group>"; };
		186BBE0388C59C875F86413D /* WidgetAnchorTests.swift */ = {isa = PBXFileReference; lastKnownFileType = sourcecode.swift; path = WidgetAnchorTests.swift; sourceTree = "<group>"; };
		18934D6CE3882CFF73B3ED90 /* a_irregular_90.csv */ = {isa = PBXFileReference; path = a_irregular_90.csv; sourceTree = "<group>"; };
		198C07539A04441F7AEB0C0F /* ConnectorParityTests.swift */ = {isa = PBXFileReference; lastKnownFileType = sourcecode.swift; path = ConnectorParityTests.swift; sourceTree = "<group>"; };
		1E0EA44D915FC79CF909C6B2 /* awhr_profile_core.mlpackage */ = {isa = PBXFileReference; path = awhr_profile_core.mlpackage; sourceTree = "<group>"; };
		1F92D7234E3C5E19D3731AC5 /* whr_unet_encoder.mlpackage */ = {isa = PBXFileReference; path = whr_unet_encoder.mlpackage; sourceTree = "<group>"; };
		20DD728BFA39E9918A058CD9 /* Repository.swift */ = {isa = PBXFileReference; lastKnownFileType = sourcecode.swift; path = Repository.swift; sourceTree = "<group>"; };
		2142FDE4257BF0BF9F8BAF62 /* ReadModels.swift */ = {isa = PBXFileReference; lastKnownFileType = sourcecode.swift; path = ReadModels.swift; sourceTree = "<group>"; };
		22E83E1E5CE372E1D15D8A2F /* MavPresentTests.swift */ = {isa = PBXFileReference; lastKnownFileType = sourcecode.swift; path = MavPresentTests.swift; sourceTree = "<group>"; };
		23CFB48160BB2DE1EA42BF4E /* MavThemeTests.swift */ = {isa = PBXFileReference; lastKnownFileType = sourcecode.swift; path = MavThemeTests.swift; sourceTree = "<group>"; };
		25B484C387F94AA33B2E9492 /* MavEcgClassifierTests.swift */ = {isa = PBXFileReference; lastKnownFileType = sourcecode.swift; path = MavEcgClassifierTests.swift; sourceTree = "<group>"; };
		2B12279CF402937E3EDE11D6 /* MavMetric.swift */ = {isa = PBXFileReference; lastKnownFileType = sourcecode.swift; path = MavMetric.swift; sourceTree = "<group>"; };
		2BC0E62FBA9D516AB83EFC19 /* MavAnalyticsEngine.swift */ = {isa = PBXFileReference; lastKnownFileType = sourcecode.swift; path = MavAnalyticsEngine.swift; sourceTree = "<group>"; };
		2E55FADFB21EF1CF9532A4B9 /* a_irregular_110.csv */ = {isa = PBXFileReference; path = a_irregular_110.csv; sourceTree = "<group>"; };
		30CCFF05EC16806C95CAFC3A /* popsicle_min_follicular.mlpackage */ = {isa = PBXFileReference; path = popsicle_min_follicular.mlpackage; sourceTree = "<group>"; };
		316C3859F47FF177EDFD9B86 /* MavVitalsView.swift */ = {isa = PBXFileReference; lastKnownFileType = sourcecode.swift; path = MavVitalsView.swift; sourceTree = "<group>"; };
		32ACCBC8F749804DCA57D71F /* MavSportCatalog.swift */ = {isa = PBXFileReference; lastKnownFileType = sourcecode.swift; path = MavSportCatalog.swift; sourceTree = "<group>"; };
		32FA5D190237CB4C0832318C /* MavDeviceSheet.swift */ = {isa = PBXFileReference; lastKnownFileType = sourcecode.swift; path = MavDeviceSheet.swift; sourceTree = "<group>"; };
		3320E53D5FE9507F449DFDF2 /* popsicle_period_prediction_v16.mlpackage */ = {isa = PBXFileReference; path = popsicle_period_prediction_v16.mlpackage; sourceTree = "<group>"; };
		332796BDF4D2D1214108CE97 /* manifest.json */ = {isa = PBXFileReference; lastKnownFileType = text.json; path = manifest.json; sourceTree = "<group>"; };
		33988B733068D776DB5EDEF0 /* cva_probes_male.mlpackage */ = {isa = PBXFileReference; path = cva_probes_male.mlpackage; sourceTree = "<group>"; };
		33D1B85F70329DD7409FF77B /* MavAnalyticsState.swift */ = {isa = PBXFileReference; lastKnownFileType = sourcecode.swift; path = MavAnalyticsState.swift; sourceTree = "<group>"; };
		33F6D5DD7A3C531CBDD98DD0 /* dhrv_imputation.mlpackage */ = {isa = PBXFileReference; path = dhrv_imputation.mlpackage; sourceTree = "<group>"; };
		350A5135579CB479A6B2AC64 /* energy_expenditure_no_hr.mlpackage */ = {isa = PBXFileReference; path = energy_expenditure_no_hr.mlpackage; sourceTree = "<group>"; };
		35707F79568CF2A80C80AD8A /* whr_unet_head.mlpackage */ = {isa = PBXFileReference; path = whr_unet_head.mlpackage; sourceTree = "<group>"; };
		3B29D5EABB4326883DD0C160 /* sleepnet_bdi_v3.mlpackage */ = {isa = PBXFileReference; path = sleepnet_bdi_v3.mlpackage; sourceTree = "<group>"; };
		3C4A2D6F2413DE4B26028C91 /* MavEcgPDFRenderer.swift */ = {isa = PBXFileReference; lastKnownFileType = sourcecode.swift; path = MavEcgPDFRenderer.swift; sourceTree = "<group>"; };
		3EA0244BE307C4F6A7BE2786 /* n_regular_72.csv */ = {isa = PBXFileReference; path = n_regular_72.csv; sourceTree = "<group>"; };
		3FAE9E98D64253C6D8DBDA87 /* MavModelBridge.swift */ = {isa = PBXFileReference; lastKnownFileType = sourcecode.swift; path = MavModelBridge.swift; sourceTree = "<group>"; };
		4349489F5F22BF85A33097B8 /* MavWorkoutsView.swift */ = {isa = PBXFileReference; lastKnownFileType = sourcecode.swift; path = MavWorkoutsView.swift; sourceTree = "<group>"; };
		43DACEB7994C44244D93E562 /* activity_context_embedding.mlpackage */ = {isa = PBXFileReference; path = activity_context_embedding.mlpackage; sourceTree = "<group>"; };
		451A37839CA4CCD25EA648E0 /* popsicle_min_follicular_v16.mlpackage */ = {isa = PBXFileReference; path = popsicle_min_follicular_v16.mlpackage; sourceTree = "<group>"; };
		451C03C0622F8A593E1C45BA /* n_regular_90.csv */ = {isa = PBXFileReference; path = n_regular_90.csv; sourceTree = "<group>"; };
		47FE854B68A598D1A6D51E26 /* MavHapticsTests.swift */ = {isa = PBXFileReference; lastKnownFileType = sourcecode.swift; path = MavHapticsTests.swift; sourceTree = "<group>"; };
		498D53CB6EB1A15BD909B714 /* popsicle_period_prediction.mlpackage */ = {isa = PBXFileReference; path = popsicle_period_prediction.mlpackage; sourceTree = "<group>"; };
		49F404B46E83FC0675B2358B /* MavHaptics.swift */ = {isa = PBXFileReference; lastKnownFileType = sourcecode.swift; path = MavHaptics.swift; sourceTree = "<group>"; };
		4AB2E12B234B724D3C22EE28 /* MavMilestones.swift */ = {isa = PBXFileReference; lastKnownFileType = sourcecode.swift; path = MavMilestones.swift; sourceTree = "<group>"; };
		4D4097AD324073156684F693 /* MavTheme.swift */ = {isa = PBXFileReference; lastKnownFileType = sourcecode.swift; path = MavTheme.swift; sourceTree = "<group>"; };
		4EBADB12FB8A547884E75B5E /* o_tachy_120.csv */ = {isa = PBXFileReference; path = o_tachy_120.csv; sourceTree = "<group>"; };
		4FB9956EC65EDC215F3CA58F /* MavSettingsSheet.swift */ = {isa = PBXFileReference; lastKnownFileType = sourcecode.swift; path = MavSettingsSheet.swift; sourceTree = "<group>"; };
		509BC710AF5B0C9E22115E64 /* generic-hr.mavconn */ = {isa = PBXFileReference; path = "generic-hr.mavconn"; sourceTree = "<group>"; };
		513A847637DB6BAE75882DC5 /* cva_predictor_v1_base.mlpackage */ = {isa = PBXFileReference; path = cva_predictor_v1_base.mlpackage; sourceTree = "<group>"; };
		52796BE429CD38DE8B914F0D /* MaverickTests.xctest */ = {isa = PBXFileReference; includeInIndex = 0; lastKnownFileType = wrapper.cfbundle; path = MaverickTests.xctest; sourceTree = BUILT_PRODUCTS_DIR; };
		53281EA9ABE9EFF78EF69C8A /* step_eligibility.mlpackage */ = {isa = PBXFileReference; path = step_eligibility.mlpackage; sourceTree = "<group>"; };
		577B0340BF3DFBB1F3205985 /* MavEcgClassifier.swift */ = {isa = PBXFileReference; lastKnownFileType = sourcecode.swift; path = MavEcgClassifier.swift; sourceTree = "<group>"; };
		5E85FE9CDE7B197DFAB95FFE /* awhr_imputation.mlpackage */ = {isa = PBXFileReference; path = awhr_imputation.mlpackage; sourceTree = "<group>"; };
		61B0D1EF5B46E5E015A8AE03 /* RouteMath.swift */ = {isa = PBXFileReference; lastKnownFileType = sourcecode.swift; path = RouteMath.swift; sourceTree = "<group>"; };
		628E74D0BF2F152EC0E9409D /* Info.plist */ = {isa = PBXFileReference; lastKnownFileType = text.plist; path = Info.plist; sourceTree = "<group>"; };
		633304F0696786E8935AB9AD /* o_brady_40.csv */ = {isa = PBXFileReference; path = o_brady_40.csv; sourceTree = "<group>"; };
		652BD31312901D11A866D4AB /* sleepnet_bdi.mlpackage */ = {isa = PBXFileReference; path = sleepnet_bdi.mlpackage; sourceTree = "<group>"; };
		6585A9F14D02ADC3F099AFA3 /* activity_secondary_segments.mlpackage */ = {isa = PBXFileReference; path = activity_secondary_segments.mlpackage; sourceTree = "<group>"; };
		6836ED6D7FEC56E3717EF5ED /* MavKit.swift */ = {isa = PBXFileReference; lastKnownFileType = sourcecode.swift; path = MavKit.swift; sourceTree = "<group>"; };
		68B5903D83A0C96D71D51891 /* MavStrengthView.swift */ = {isa = PBXFileReference; lastKnownFileType = sourcecode.swift; path = MavStrengthView.swift; sourceTree = "<group>"; };
		6A141959201E4EB00A533D15 /* MavModelRunner.swift */ = {isa = PBXFileReference; lastKnownFileType = sourcecode.swift; path = MavModelRunner.swift; sourceTree = "<group>"; };
		6BA9109669FEDFE61B2A0B3D /* whoop5_v1.mavconn */ = {isa = PBXFileReference; path = whoop5_v1.mavconn; sourceTree = "<group>"; };
		6D3C89300A02D56CF61D1ADA /* activity_ensemble.mlpackage */ = {isa = PBXFileReference; path = activity_ensemble.mlpackage; sourceTree = "<group>"; };
		6D8732F625F8ED36FCA7D88B /* source_embedding.mlpackage */ = {isa = PBXFileReference; path = source_embedding.mlpackage; sourceTree = "<group>"; };
		6FA0C0D2F36FCAB853951588 /* Maverick.app */ = {isa = PBXFileReference; includeInIndex = 0; lastKnownFileType = wrapper.application; path = Maverick.app; sourceTree = BUILT_PRODUCTS_DIR; };
		7138E4D94989038A858BC798 /* a_irregular_70.csv */ = {isa = PBXFileReference; path = a_irregular_70.csv; sourceTree = "<group>"; };
		74254F2A2DD3F8E2441AB014 /* MavEcgView.swift */ = {isa = PBXFileReference; lastKnownFileType = sourcecode.swift; path = MavEcgView.swift; sourceTree = "<group>"; };
		7903695A68363C1EA2529CAC /* MavNarrative.swift */ = {isa = PBXFileReference; lastKnownFileType = sourcecode.swift; path = MavNarrative.swift; sourceTree = "<group>"; };
		7A6C1781EEB40E29BE3C6190 /* popsicle_ovulation_prediction_v16.mlpackage */ = {isa = PBXFileReference; path = popsicle_ovulation_prediction_v16.mlpackage; sourceTree = "<group>"; };
		7B3A80484C0D2EBE2A641896 /* AppModelApplyTests.swift */ = {isa = PBXFileReference; lastKnownFileType = sourcecode.swift; path = AppModelApplyTests.swift; sourceTree = "<group>"; };
		7D0ABED30CF6861382F0053E /* activity_history_transformer.mlpackage */ = {isa = PBXFileReference; path = activity_history_transformer.mlpackage; sourceTree = "<group>"; };
		8187269BFF7ED9B398E73504 /* CycleLog.swift */ = {isa = PBXFileReference; lastKnownFileType = sourcecode.swift; path = CycleLog.swift; sourceTree = "<group>"; };
		8400EA9184FC3C25CA7921EE /* energy_expenditure_hr.mlpackage */ = {isa = PBXFileReference; path = energy_expenditure_hr.mlpackage; sourceTree = "<group>"; };
		856C4AD09AB65B928E3D1114 /* activity_primary_segments.mlpackage */ = {isa = PBXFileReference; path = activity_primary_segments.mlpackage; sourceTree = "<group>"; };
		862B05024B1F636D097AE1E8 /* activity_transition.mlpackage */ = {isa = PBXFileReference; path = activity_transition.mlpackage; sourceTree = "<group>"; };
		869881367BC11B7522254C38 /* AuraTokens.generated.swift */ = {isa = PBXFileReference; lastKnownFileType = sourcecode.swift; path = AuraTokens.generated.swift; sourceTree = "<group>"; };
		89081E0514199882301518BF /* illness_detection.mlpackage */ = {isa = PBXFileReference; path = illness_detection.mlpackage; sourceTree = "<group>"; };
		8A2FA09FEAA815D4E4C70EFD /* MavReportsView.swift */ = {isa = PBXFileReference; lastKnownFileType = sourcecode.swift; path = MavReportsView.swift; sourceTree = "<group>"; };
		8A3506FC301EC385294EC39E /* MavCharts.swift */ = {isa = PBXFileReference; lastKnownFileType = sourcecode.swift; path = MavCharts.swift; sourceTree = "<group>"; };
		8A552F06D4ED28F0459FC6E1 /* MavMetricDetailView.swift */ = {isa = PBXFileReference; lastKnownFileType = sourcecode.swift; path = MavMetricDetailView.swift; sourceTree = "<group>"; };
		8BA956187237F9A25266D175 /* cva_encoder.mlpackage */ = {isa = PBXFileReference; path = cva_encoder.mlpackage; sourceTree = "<group>"; };
		8DBDAF6425109FCAC2B49917 /* step_multiplier.mlpackage */ = {isa = PBXFileReference; path = step_multiplier.mlpackage; sourceTree = "<group>"; };
		911982AFABE1A211FF7AE620 /* mav_ffi.swift */ = {isa = PBXFileReference; lastKnownFileType = sourcecode.swift; path = mav_ffi.swift; sourceTree = "<group>"; };
		9191EF27856F01A969DB3A76 /* MavEcgTrace.swift */ = {isa = PBXFileReference; lastKnownFileType = sourcecode.swift; path = MavEcgTrace.swift; sourceTree = "<group>"; };
		99141864CBDCB8D42D87EC62 /* MavCycleView.swift */ = {isa = PBXFileReference; lastKnownFileType = sourcecode.swift; path = MavCycleView.swift; sourceTree = "<group>"; };
		992A37D3858D7A039FB29BDA /* Assets.xcassets */ = {isa = PBXFileReference; lastKnownFileType = folder.assetcatalog; path = Assets.xcassets; sourceTree = "<group>"; };
		9D485FC3081E36E2779949CD /* en */ = {isa = PBXFileReference; lastKnownFileType = text.plist.strings; name = en; path = en.lproj/Localizable.strings; sourceTree = "<group>"; };
		9DCBEFE843A8DD3275ECCDB4 /* popsicle_ovulation_detection.mlpackage */ = {isa = PBXFileReference; path = popsicle_ovulation_detection.mlpackage; sourceTree = "<group>"; };
		9F54528C914D0CBF2B09C338 /* MavStore.swift */ = {isa = PBXFileReference; lastKnownFileType = sourcecode.swift; path = MavStore.swift; sourceTree = "<group>"; };
		A508BFAF107D8A2151E7D739 /* AuraZoneMath.swift */ = {isa = PBXFileReference; lastKnownFileType = sourcecode.swift; path = AuraZoneMath.swift; sourceTree = "<group>"; };
		A5FC44E5B8A664A8F3E34B53 /* sleepnet_moonstone.mlpackage */ = {isa = PBXFileReference; path = sleepnet_moonstone.mlpackage; sourceTree = "<group>"; };
		AEAB14C8803FB1F711848BBE /* MavBluetoothExecutor.swift */ = {isa = PBXFileReference; lastKnownFileType = sourcecode.swift; path = MavBluetoothExecutor.swift; sourceTree = "<group>"; };
		B2B5156EB260CA9C05A015AD /* behavior_embedding.mlpackage */ = {isa = PBXFileReference; path = behavior_embedding.mlpackage; sourceTree = "<group>"; };
		B3A85C0857CDA7DA5828E20D /* host_snapshot_v1.expected.json */ = {isa = PBXFileReference; lastKnownFileType = text.json; path = host_snapshot_v1.expected.json; sourceTree = "<group>"; };
		B4ABDFE81EDEEB916FFBF8FE /* MavShell.swift */ = {isa = PBXFileReference; lastKnownFileType = sourcecode.swift; path = MavShell.swift; sourceTree = "<group>"; };
		B5249FF3636C461B75A5DA9A /* ConnectorManagement.swift */ = {isa = PBXFileReference; lastKnownFileType = sourcecode.swift; path = ConnectorManagement.swift; sourceTree = "<group>"; };
		B71AB08B950930E41DDED51E /* MavBackgroundAnalytics.swift */ = {isa = PBXFileReference; lastKnownFileType = sourcecode.swift; path = MavBackgroundAnalytics.swift; sourceTree = "<group>"; };
		BA6C5B411E80887EC6B34280 /* whoop4_v1.mavconn */ = {isa = PBXFileReference; path = whoop4_v1.mavconn; sourceTree = "<group>"; };
		BC45713B7650201F3BBA999F /* MaverickApp.swift */ = {isa = PBXFileReference; lastKnownFileType = sourcecode.swift; path = MaverickApp.swift; sourceTree = "<group>"; };
		BC4DDC7FE63A5BD0D9B52928 /* MavCore.xcframework */ = {isa = PBXFileReference; lastKnownFileType = wrapper.xcframework; name = MavCore.xcframework; path = "build/mav-core/MavCore.xcframework"; sourceTree = "<group>"; };
		D04A83EC53A946A18F5CF75B /* MavCoreAnalyticsRuntime.swift */ = {isa = PBXFileReference; lastKnownFileType = sourcecode.swift; path = MavCoreAnalyticsRuntime.swift; sourceTree = "<group>"; };
		D09A5C7B731BDD08E94DBD29 /* MavAnalyticsEngineTests.swift */ = {isa = PBXFileReference; lastKnownFileType = sourcecode.swift; path = MavAnalyticsEngineTests.swift; sourceTree = "<group>"; };
		D4214C9C4032CDB2468BB8F6 /* activity_detection.mlpackage */ = {isa = PBXFileReference; path = activity_detection.mlpackage; sourceTree = "<group>"; };
		D81BB132E15FD138D990D171 /* MavSnapshot.swift */ = {isa = PBXFileReference; lastKnownFileType = sourcecode.swift; path = MavSnapshot.swift; sourceTree = "<group>"; };
		DD26E77400D9DAA30D7A8259 /* popsicle_ovulation_prediction.mlpackage */ = {isa = PBXFileReference; path = popsicle_ovulation_prediction.mlpackage; sourceTree = "<group>"; };
		DE0EEC1686C819DFDDDE874B /* MavPresent.swift */ = {isa = PBXFileReference; lastKnownFileType = sourcecode.swift; path = MavPresent.swift; sourceTree = "<group>"; };
		DF3FB61CB0D9A2D4EDD6DE54 /* generic_hr_v1.mavconn */ = {isa = PBXFileReference; path = generic_hr_v1.mavconn; sourceTree = "<group>"; };
		E04B2EAC4E12763779F7E48E /* MavModelZooTests.swift */ = {isa = PBXFileReference; lastKnownFileType = sourcecode.swift; path = MavModelZooTests.swift; sourceTree = "<group>"; };
		E0AA768583510E28245102A2 /* MavStrengthTraining.swift */ = {isa = PBXFileReference; lastKnownFileType = sourcecode.swift; path = MavStrengthTraining.swift; sourceTree = "<group>"; };
		E19F20B3C5D4141EDED8B6C3 /* step_head.mlpackage */ = {isa = PBXFileReference; path = step_head.mlpackage; sourceTree = "<group>"; };
		E1B14EB9E773ACBA78447A26 /* pulsenet_foundation.mlpackage */ = {isa = PBXFileReference; path = pulsenet_foundation.mlpackage; sourceTree = "<group>"; };
		E5C0ACFC5483F357F3E50E52 /* JournalCatalog.swift */ = {isa = PBXFileReference; lastKnownFileType = sourcecode.swift; path = JournalCatalog.swift; sourceTree = "<group>"; };
		E5CC4D752270D3E077DB9AF3 /* Stores.swift */ = {isa = PBXFileReference; lastKnownFileType = sourcecode.swift; path = Stores.swift; sourceTree = "<group>"; };
		E725CEA2DCCA28CA8FD01003 /* MavConnectorsView.swift */ = {isa = PBXFileReference; lastKnownFileType = sourcecode.swift; path = MavConnectorsView.swift; sourceTree = "<group>"; };
		E7A25BEA59C58AB3F0154539 /* cva_probes_female.mlpackage */ = {isa = PBXFileReference; path = cva_probes_female.mlpackage; sourceTree = "<group>"; };
		E8BA2A01B4C9EA1B9681FD7E /* ConnectorManagementTests.swift */ = {isa = PBXFileReference; lastKnownFileType = sourcecode.swift; path = ConnectorManagementTests.swift; sourceTree = "<group>"; };
		EB52C1B319AFAFF9C018343B /* popsicle_ovulation_detection_v16.mlpackage */ = {isa = PBXFileReference; path = popsicle_ovulation_detection_v16.mlpackage; sourceTree = "<group>"; };
		EB9B4905A2A02F23F7DD65BF /* WorkoutZones.swift */ = {isa = PBXFileReference; lastKnownFileType = sourcecode.swift; path = WorkoutZones.swift; sourceTree = "<group>"; };
		ED6584E8690B3AFA0BE3B138 /* halite_risk_tree.mlpackage */ = {isa = PBXFileReference; path = halite_risk_tree.mlpackage; sourceTree = "<group>"; };
		EF62FBC7F43D681F3010BEC1 /* awhr_profile_recurrent.mlpackage */ = {isa = PBXFileReference; path = awhr_profile_recurrent.mlpackage; sourceTree = "<group>"; };
		F0773D80E2F6F94F0D2412C4 /* Units.swift */ = {isa = PBXFileReference; lastKnownFileType = sourcecode.swift; path = Units.swift; sourceTree = "<group>"; };
		F0ED95858C7EE69BAE8158A0 /* whoop4_parity_v1.expected.json */ = {isa = PBXFileReference; lastKnownFileType = text.json; path = whoop4_parity_v1.expected.json; sourceTree = "<group>"; };
		F16DE87D3D0F3B63B0F97B5A /* MavModelCatalog.swift */ = {isa = PBXFileReference; lastKnownFileType = sourcecode.swift; path = MavModelCatalog.swift; sourceTree = "<group>"; };
		F2FAEFD0D8E895FD77F9735B /* MavElapsedTests.swift */ = {isa = PBXFileReference; lastKnownFileType = sourcecode.swift; path = MavElapsedTests.swift; sourceTree = "<group>"; };
		F31A389B1EFA6A7487597EE9 /* o_bigeminy_80.csv */ = {isa = PBXFileReference; path = o_bigeminy_80.csv; sourceTree = "<group>"; };
		F7C7D073C4D7BBF3084890F5 /* StoreDiagnostics.swift */ = {isa = PBXFileReference; lastKnownFileType = sourcecode.swift; path = StoreDiagnostics.swift; sourceTree = "<group>"; };
		F85F4D25DBF85788547FFAEA /* awhr_profile_head.mlpackage */ = {isa = PBXFileReference; path = awhr_profile_head.mlpackage; sourceTree = "<group>"; };
		FC16BB032442CEC647295747 /* MavAnalyticsStateTests.swift */ = {isa = PBXFileReference; lastKnownFileType = sourcecode.swift; path = MavAnalyticsStateTests.swift; sourceTree = "<group>"; };
		FEC6882F022B59230C110B22 /* MavDebugFixture.swift */ = {isa = PBXFileReference; lastKnownFileType = sourcecode.swift; path = MavDebugFixture.swift; sourceTree = "<group>"; };
/* End PBXFileReference section */

/* Begin PBXFrameworksBuildPhase section */
		CBC697C6A7076D8B9B331629 /* Frameworks */ = {
			isa = PBXFrameworksBuildPhase;
			buildActionMask = 2147483647;
			files = (
				619577474C9D1261A3C6F7BA /* MavCore.xcframework in Frameworks */,
			);
			runOnlyForDeploymentPostprocessing = 0;
		};
/* End PBXFrameworksBuildPhase section */

/* Begin PBXGroup section */
		0529A7B1BF16A83A5D7EBED5 /* Products */ = {
			isa = PBXGroup;
			children = (
				6FA0C0D2F36FCAB853951588 /* Maverick.app */,
				52796BE429CD38DE8B914F0D /* MaverickTests.xctest */,
			);
			name = Products;
			sourceTree = "<group>";
		};
		0E6D5211144C68BEFD4707A9 /* build */ = {
			isa = PBXGroup;
			children = (
				243B2DF66FF42FCD4247B2B0 /* mav-core */,
			);
			path = build;
			sourceTree = "<group>";
		};
		243B2DF66FF42FCD4247B2B0 /* mav-core */ = {
			isa = PBXGroup;
			children = (
				3AD1D44A04FB95111BADB420 /* Sources */,
			);
			path = "mav-core";
			sourceTree = "<group>";
		};
		2768038CB1779D286038A425 /* Models */ = {
			isa = PBXGroup;
			children = (
				43DACEB7994C44244D93E562 /* activity_context_embedding.mlpackage */,
				D4214C9C4032CDB2468BB8F6 /* activity_detection.mlpackage */,
				6D3C89300A02D56CF61D1ADA /* activity_ensemble.mlpackage */,
				7D0ABED30CF6861382F0053E /* activity_history_transformer.mlpackage */,
				856C4AD09AB65B928E3D1114 /* activity_primary_segments.mlpackage */,
				6585A9F14D02ADC3F099AFA3 /* activity_secondary_segments.mlpackage */,
				862B05024B1F636D097AE1E8 /* activity_transition.mlpackage */,
				5E85FE9CDE7B197DFAB95FFE /* awhr_imputation.mlpackage */,
				1E0EA44D915FC79CF909C6B2 /* awhr_profile_core.mlpackage */,
				F85F4D25DBF85788547FFAEA /* awhr_profile_head.mlpackage */,
				EF62FBC7F43D681F3010BEC1 /* awhr_profile_recurrent.mlpackage */,
				B2B5156EB260CA9C05A015AD /* behavior_embedding.mlpackage */,
				8BA956187237F9A25266D175 /* cva_encoder.mlpackage */,
				513A847637DB6BAE75882DC5 /* cva_predictor_v1_base.mlpackage */,
				E7A25BEA59C58AB3F0154539 /* cva_probes_female.mlpackage */,
				33988B733068D776DB5EDEF0 /* cva_probes_male.mlpackage */,
				33F6D5DD7A3C531CBDD98DD0 /* dhrv_imputation.mlpackage */,
				8400EA9184FC3C25CA7921EE /* energy_expenditure_hr.mlpackage */,
				350A5135579CB479A6B2AC64 /* energy_expenditure_no_hr.mlpackage */,
				1411016E80EC956AB4185328 /* halite_ppg_score.mlpackage */,
				ED6584E8690B3AFA0BE3B138 /* halite_risk_tree.mlpackage */,
				89081E0514199882301518BF /* illness_detection.mlpackage */,
				1065FEFA27777263E5C8F9A3 /* nao_full_ecg_model_fp16.mlpackage */,
				451A37839CA4CCD25EA648E0 /* popsicle_min_follicular_v16.mlpackage */,
				30CCFF05EC16806C95CAFC3A /* popsicle_min_follicular.mlpackage */,
				EB52C1B319AFAFF9C018343B /* popsicle_ovulation_detection_v16.mlpackage */,
				9DCBEFE843A8DD3275ECCDB4 /* popsicle_ovulation_detection.mlpackage */,
				7A6C1781EEB40E29BE3C6190 /* popsicle_ovulation_prediction_v16.mlpackage */,
				DD26E77400D9DAA30D7A8259 /* popsicle_ovulation_prediction.mlpackage */,
				3320E53D5FE9507F449DFDF2 /* popsicle_period_prediction_v16.mlpackage */,
				498D53CB6EB1A15BD909B714 /* popsicle_period_prediction.mlpackage */,
				174C7CD9E6117274F3B5EEC3 /* pulse_ppg.mlpackage */,
				E1B14EB9E773ACBA78447A26 /* pulsenet_foundation.mlpackage */,
				3B29D5EABB4326883DD0C160 /* sleepnet_bdi_v3.mlpackage */,
				652BD31312901D11A866D4AB /* sleepnet_bdi.mlpackage */,
				A5FC44E5B8A664A8F3E34B53 /* sleepnet_moonstone.mlpackage */,
				6D8732F625F8ED36FCA7D88B /* source_embedding.mlpackage */,
				53281EA9ABE9EFF78EF69C8A /* step_eligibility.mlpackage */,
				E19F20B3C5D4141EDED8B6C3 /* step_head.mlpackage */,
				8DBDAF6425109FCAC2B49917 /* step_multiplier.mlpackage */,
				1F92D7234E3C5E19D3731AC5 /* whr_unet_encoder.mlpackage */,
				35707F79568CF2A80C80AD8A /* whr_unet_head.mlpackage */,
			);
			path = Models;
			sourceTree = "<group>";
		};
		28C705A75A5AA27C5517D2F9 /* Reports */ = {
			isa = PBXGroup;
			children = (
				3C4A2D6F2413DE4B26028C91 /* MavEcgPDFRenderer.swift */,
			);
			path = Reports;
			sourceTree = "<group>";
		};
		3AD1D44A04FB95111BADB420 /* Sources */ = {
			isa = PBXGroup;
			children = (
				911982AFABE1A211FF7AE620 /* mav_ffi.swift */,
			);
			path = Sources;
			sourceTree = "<group>";
		};
		4B78B393B733F73BFC1A1181 /* Maverick */ = {
			isa = PBXGroup;
			children = (
				992A37D3858D7A039FB29BDA /* Assets.xcassets */,
				B5249FF3636C461B75A5DA9A /* ConnectorManagement.swift */,
				509BC710AF5B0C9E22115E64 /* generic-hr.mavconn */,
				628E74D0BF2F152EC0E9409D /* Info.plist */,
				AEAB14C8803FB1F711848BBE /* MavBluetoothExecutor.swift */,
				BC45713B7650201F3BBA999F /* MaverickApp.swift */,
				D81BB132E15FD138D990D171 /* MavSnapshot.swift */,
				9F54528C914D0CBF2B09C338 /* MavStore.swift */,
				5D9A0CF5903C198DB3FCD4AE /* Localizable.strings */,
				92A1742AB61BEF6807D422EE /* Model */,
				2768038CB1779D286038A425 /* Models */,
				28C705A75A5AA27C5517D2F9 /* Reports */,
				8BFA15A6C6AC7747AE0384CE /* UI */,
			);
			path = Maverick;
			sourceTree = "<group>";
		};
		53BAE78A1B564431426C6DAC /* connectors */ = {
			isa = PBXGroup;
			children = (
				1285517A4AFA1B3F0656CEFD /* generic_hr_parity_v1.expected.json */,
				DF3FB61CB0D9A2D4EDD6DE54 /* generic_hr_v1.mavconn */,
				F0ED95858C7EE69BAE8158A0 /* whoop4_parity_v1.expected.json */,
				BA6C5B411E80887EC6B34280 /* whoop4_v1.mavconn */,
				1054DBC84705088AB71BF7F0 /* whoop5_parity_v1.expected.json */,
				6BA9109669FEDFE61B2A0B3D /* whoop5_v1.mavconn */,
			);
			path = connectors;
			sourceTree = "<group>";
		};
		5FE2FEB250D72961F120A53B /* platform */ = {
			isa = PBXGroup;
			children = (
				B3A85C0857CDA7DA5828E20D /* host_snapshot_v1.expected.json */,
			);
			path = platform;
			sourceTree = "<group>";
		};
		7F9449A3C0F7AA7ABACD3626 /* Frameworks */ = {
			isa = PBXGroup;
			children = (
				BC4DDC7FE63A5BD0D9B52928 /* MavCore.xcframework */,
			);
			name = Frameworks;
			sourceTree = "<group>";
		};
		8BFA15A6C6AC7747AE0384CE /* UI */ = {
			isa = PBXGroup;
			children = (
				869881367BC11B7522254C38 /* AuraTokens.generated.swift */,
				184D0587E8774F3D119D4222 /* MavAnalyticsView.swift */,
				8A3506FC301EC385294EC39E /* MavCharts.swift */,
				E725CEA2DCCA28CA8FD01003 /* MavConnectorsView.swift */,
				99141864CBDCB8D42D87EC62 /* MavCycleView.swift */,
				32FA5D190237CB4C0832318C /* MavDeviceSheet.swift */,
				9191EF27856F01A969DB3A76 /* MavEcgTrace.swift */,
				74254F2A2DD3F8E2441AB014 /* MavEcgView.swift */,
				6836ED6D7FEC56E3717EF5ED /* MavKit.swift */,
				8A552F06D4ED28F0459FC6E1 /* MavMetricDetailView.swift */,
				8A2FA09FEAA815D4E4C70EFD /* MavReportsView.swift */,
				4FB9956EC65EDC215F3CA58F /* MavSettingsSheet.swift */,
				B4ABDFE81EDEEB916FFBF8FE /* MavShell.swift */,
				68B5903D83A0C96D71D51891 /* MavStrengthView.swift */,
				4D4097AD324073156684F693 /* MavTheme.swift */,
				02E2E823B0179E6F79AFEC8A /* MavTodayView.swift */,
				316C3859F47FF177EDFD9B86 /* MavVitalsView.swift */,
				4349489F5F22BF85A33097B8 /* MavWorkoutsView.swift */,
			);
			path = UI;
			sourceTree = "<group>";
		};
		92A1742AB61BEF6807D422EE /* Model */ = {
			isa = PBXGroup;
			children = (
				06C308EF1E54DE57286D0D95 /* Appearance.swift */,
				A508BFAF107D8A2151E7D739 /* AuraZoneMath.swift */,
				8187269BFF7ED9B398E73504 /* CycleLog.swift */,
				E5C0ACFC5483F357F3E50E52 /* JournalCatalog.swift */,
				2BC0E62FBA9D516AB83EFC19 /* MavAnalyticsEngine.swift */,
				33D1B85F70329DD7409FF77B /* MavAnalyticsState.swift */,
				B71AB08B950930E41DDED51E /* MavBackgroundAnalytics.swift */,
				D04A83EC53A946A18F5CF75B /* MavCoreAnalyticsRuntime.swift */,
				FEC6882F022B59230C110B22 /* MavDebugFixture.swift */,
				577B0340BF3DFBB1F3205985 /* MavEcgClassifier.swift */,
				49F404B46E83FC0675B2358B /* MavHaptics.swift */,
				2B12279CF402937E3EDE11D6 /* MavMetric.swift */,
				4AB2E12B234B724D3C22EE28 /* MavMilestones.swift */,
				3FAE9E98D64253C6D8DBDA87 /* MavModelBridge.swift */,
				F16DE87D3D0F3B63B0F97B5A /* MavModelCatalog.swift */,
				6A141959201E4EB00A533D15 /* MavModelRunner.swift */,
				7903695A68363C1EA2529CAC /* MavNarrative.swift */,
				DE0EEC1686C819DFDDDE874B /* MavPresent.swift */,
				32ACCBC8F749804DCA57D71F /* MavSportCatalog.swift */,
				E0AA768583510E28245102A2 /* MavStrengthTraining.swift */,
				2142FDE4257BF0BF9F8BAF62 /* ReadModels.swift */,
				20DD728BFA39E9918A058CD9 /* Repository.swift */,
				61B0D1EF5B46E5E015A8AE03 /* RouteMath.swift */,
				F7C7D073C4D7BBF3084890F5 /* StoreDiagnostics.swift */,
				E5CC4D752270D3E077DB9AF3 /* Stores.swift */,
				0DB9A882C4DE52613D3F964C /* TrainingTargets.swift */,
				F0773D80E2F6F94F0D2412C4 /* Units.swift */,
				1142256492D4FB00CB48A6C9 /* WorkoutPrefs.swift */,
				EB9B4905A2A02F23F7DD65BF /* WorkoutZones.swift */,
			);
			path = Model;
			sourceTree = "<group>";
		};
		975D0A4DF28DF66F623AF717 = {
			isa = PBXGroup;
			children = (
				0E6D5211144C68BEFD4707A9 /* build */,
				4B78B393B733F73BFC1A1181 /* Maverick */,
				98121E4551ADE3A324C31377 /* maverick */,
				DBF7846C5AB3FB7F01CA3F28 /* MaverickTests */,
				7F9449A3C0F7AA7ABACD3626 /* Frameworks */,
				0529A7B1BF16A83A5D7EBED5 /* Products */,
			);
			sourceTree = "<group>";
		};
		98121E4551ADE3A324C31377 /* maverick */ = {
			isa = PBXGroup;
			children = (
				C1957C9D5FEA9E3E819D557C /* fixtures */,
			);
			name = maverick;
			path = ../..;
			sourceTree = "<group>";
		};
		9CD087F802B04C9B1DBAD7BA /* corpus */ = {
			isa = PBXGroup;
			children = (
				7138E4D94989038A858BC798 /* a_irregular_70.csv */,
				18934D6CE3882CFF73B3ED90 /* a_irregular_90.csv */,
				2E55FADFB21EF1CF9532A4B9 /* a_irregular_110.csv */,
				332796BDF4D2D1214108CE97 /* manifest.json */,
				17537B0B57E5F0AB1B519101 /* n_regular_55.csv */,
				3EA0244BE307C4F6A7BE2786 /* n_regular_72.csv */,
				451C03C0622F8A593E1C45BA /* n_regular_90.csv */,
				F31A389B1EFA6A7487597EE9 /* o_bigeminy_80.csv */,
				633304F0696786E8935AB9AD /* o_brady_40.csv */,
				4EBADB12FB8A547884E75B5E /* o_tachy_120.csv */,
			);
			path = corpus;
			sourceTree = "<group>";
		};
		C1957C9D5FEA9E3E819D557C /* fixtures */ = {
			isa = PBXGroup;
			children = (
				53BAE78A1B564431426C6DAC /* connectors */,
				FF4E335F73ADE6676F86A8A4 /* ecg */,
				5FE2FEB250D72961F120A53B /* platform */,
			);
			path = fixtures;
			sourceTree = "<group>";
		};
		DBF7846C5AB3FB7F01CA3F28 /* MaverickTests */ = {
			isa = PBXGroup;
			children = (
				7B3A80484C0D2EBE2A641896 /* AppModelApplyTests.swift */,
				E8BA2A01B4C9EA1B9681FD7E /* ConnectorManagementTests.swift */,
				198C07539A04441F7AEB0C0F /* ConnectorParityTests.swift */,
				049341216358E81CCDC3044B /* HonestEmptinessTests.swift */,
				D09A5C7B731BDD08E94DBD29 /* MavAnalyticsEngineTests.swift */,
				FC16BB032442CEC647295747 /* MavAnalyticsStateTests.swift */,
				25B484C387F94AA33B2E9492 /* MavEcgClassifierTests.swift */,
				F2FAEFD0D8E895FD77F9735B /* MavElapsedTests.swift */,
				47FE854B68A598D1A6D51E26 /* MavHapticsTests.swift */,
				062F42BD1ADFC6C680634CC2 /* MavMilestonesTests.swift */,
				E04B2EAC4E12763779F7E48E /* MavModelZooTests.swift */,
				22E83E1E5CE372E1D15D8A2F /* MavPresentTests.swift */,
				14A49EDDB7C36481A91500DC /* MavSnapshotTests.swift */,
				23CFB48160BB2DE1EA42BF4E /* MavThemeTests.swift */,
				0242387E8E924633099F117B /* MavWorkoutConfigTests.swift */,
				186BBE0388C59C875F86413D /* WidgetAnchorTests.swift */,
			);
			path = MaverickTests;
			sourceTree = "<group>";
		};
		FF4E335F73ADE6676F86A8A4 /* ecg */ = {
			isa = PBXGroup;
			children = (
				9CD087F802B04C9B1DBAD7BA /* corpus */,
			);
			path = ecg;
			sourceTree = "<group>";
		};
/* End PBXGroup section */

/* Begin PBXNativeTarget section */
		02787A519A893E825ED32C6B /* MaverickTests */ = {
			isa = PBXNativeTarget;
			buildConfigurationList = C16522AA8A0DE0F9F8F89D68 /* Build configuration list for PBXNativeTarget "MaverickTests" */;
			buildPhases = (
				04F84BFBE7C703FBE79D4B20 /* Sources */,
				3669E5858BFC061342CB4BFF /* Resources */,
			);
			buildRules = (
			);
			dependencies = (
				A48357E4ECB9F4D48D4E589A /* PBXTargetDependency */,
			);
			name = MaverickTests;
			packageProductDependencies = (
			);
			productName = MaverickTests;
			productReference = 52796BE429CD38DE8B914F0D /* MaverickTests.xctest */;
			productType = "com.apple.product-type.bundle.unit-test";
		};
		B7AB589C45DFAC129547CB2B /* Maverick */ = {
			isa = PBXNativeTarget;
			buildConfigurationList = 87A32B25DD70260A350B441E /* Build configuration list for PBXNativeTarget "Maverick" */;
			buildPhases = (
				1B1025560BA342BD7A7D7FFC /* Sources */,
				A20E75ADA7F747D6D82A7F37 /* Resources */,
				CBC697C6A7076D8B9B331629 /* Frameworks */,
			);
			buildRules = (
			);
			dependencies = (
			);
			name = Maverick;
			packageProductDependencies = (
			);
			productName = Maverick;
			productReference = 6FA0C0D2F36FCAB853951588 /* Maverick.app */;
			productType = "com.apple.product-type.application";
		};
/* End PBXNativeTarget section */

/* Begin PBXProject section */
		52F1BE0A143BF1B4318C4815 /* Project object */ = {
			isa = PBXProject;
			attributes = {
				BuildIndependentTargetsInParallel = YES;
				LastUpgradeCheck = 1430;
				TargetAttributes = {
					02787A519A893E825ED32C6B = {
						ProvisioningStyle = Automatic;
					};
					B7AB589C45DFAC129547CB2B = {
						ProvisioningStyle = Automatic;
					};
				};
			};
			buildConfigurationList = CCD9D29A4B569C984F1EB29B /* Build configuration list for PBXProject "Maverick" */;
			developmentRegion = en;
			hasScannedForEncodings = 0;
			knownRegions = (
				Base,
				en,
			);
			mainGroup = 975D0A4DF28DF66F623AF717;
			minimizedProjectReferenceProxies = 1;
			preferredProjectObjectVersion = 77;
			productRefGroup = 0529A7B1BF16A83A5D7EBED5 /* Products */;
			projectDirPath = "";
			projectRoot = "";
			targets = (
				B7AB589C45DFAC129547CB2B /* Maverick */,
				02787A519A893E825ED32C6B /* MaverickTests */,
			);
		};
/* End PBXProject section */

/* Begin PBXResourcesBuildPhase section */
		3669E5858BFC061342CB4BFF /* Resources */ = {
			isa = PBXResourcesBuildPhase;
			buildActionMask = 2147483647;
			files = (
				38458E2334D97C4ADAA544D0 /* a_irregular_110.csv in Resources */,
				159188AD75D928A2AE358437 /* a_irregular_70.csv in Resources */,
				E602C85122D335740692DDBD /* a_irregular_90.csv in Resources */,
				A675F605BA138EDB00BA3AD3 /* generic_hr_parity_v1.expected.json in Resources */,
				537205397C4F0BB19ED80730 /* generic_hr_v1.mavconn in Resources */,
				8BB6C251B9D029A2DED3D107 /* host_snapshot_v1.expected.json in Resources */,
				8F103CC0292FDE65F7B8E0BA /* manifest.json in Resources */,
				5BB1937F5BF562C34ED68057 /* n_regular_55.csv in Resources */,
				D0A726CFA480FAD158F554CB /* n_regular_72.csv in Resources */,
				2DE0B857C5891CE35B6F6888 /* n_regular_90.csv in Resources */,
				66EA193833388E7417657817 /* o_bigeminy_80.csv in Resources */,
				BDF7BC0C446E61462E3F9F1C /* o_brady_40.csv in Resources */,
				B0A76FAB04EA1408E18865C8 /* o_tachy_120.csv in Resources */,
				66321EC3F4B7A008BEB970AC /* whoop4_parity_v1.expected.json in Resources */,
				549AA747C4CBD9E6237734AA /* whoop4_v1.mavconn in Resources */,
				C51780D648B2E7FE10B0BE83 /* whoop5_parity_v1.expected.json in Resources */,
				BF1FB9EF771566B801599C13 /* whoop5_v1.mavconn in Resources */,
			);
			runOnlyForDeploymentPostprocessing = 0;
		};
		A20E75ADA7F747D6D82A7F37 /* Resources */ = {
			isa = PBXResourcesBuildPhase;
			buildActionMask = 2147483647;
			files = (
				EF59951B90E9759F17127C9C /* Assets.xcassets in Resources */,
				1F5230AE9D087406D80279F9 /* Localizable.strings in Resources */,
				F3132DD593DFECFE72728E76 /* generic-hr.mavconn in Resources */,
			);
			runOnlyForDeploymentPostprocessing = 0;
		};
/* End PBXResourcesBuildPhase section */

/* Begin PBXSourcesBuildPhase section */
		04F84BFBE7C703FBE79D4B20 /* Sources */ = {
			isa = PBXSourcesBuildPhase;
			buildActionMask = 2147483647;
			files = (
				C263D86C965501A11430223C /* AppModelApplyTests.swift in Sources */,
				16D7046B787033D66B380921 /* ConnectorManagementTests.swift in Sources */,
				DAF00D48AAE79971B6604B79 /* ConnectorParityTests.swift in Sources */,
				BA28C3D83D81CD014D987B45 /* HonestEmptinessTests.swift in Sources */,
				06C546BC41187880B5485289 /* MavAnalyticsEngineTests.swift in Sources */,
				7688A51438B4D7D526F3788C /* MavAnalyticsStateTests.swift in Sources */,
				FC9FF7ECD188755F1D37277A /* MavEcgClassifierTests.swift in Sources */,
				5494C89F6E2F3AF3B6EBD2DC /* MavElapsedTests.swift in Sources */,
				F63D1DBDDE6A4EF620583FD5 /* MavHapticsTests.swift in Sources */,
				8E98EEE37B14C0527E3CA84C /* MavMilestonesTests.swift in Sources */,
				46F3839933F90C315409A049 /* MavModelZooTests.swift in Sources */,
				D130625DDBC84502720729E5 /* MavPresentTests.swift in Sources */,
				9344A42D3645B6F6A7CCD831 /* MavSnapshotTests.swift in Sources */,
				AEE958CB7AFCC8040A024802 /* MavThemeTests.swift in Sources */,
				19FCD6B5A898F3A8C2D135FA /* MavWorkoutConfigTests.swift in Sources */,
				603A65AB3D6EF0ADA2B83EBD /* WidgetAnchorTests.swift in Sources */,
			);
			runOnlyForDeploymentPostprocessing = 0;
		};
		1B1025560BA342BD7A7D7FFC /* Sources */ = {
			isa = PBXSourcesBuildPhase;
			buildActionMask = 2147483647;
			files = (
				C7E950C8D717EB6627408530 /* Appearance.swift in Sources */,
				962094EF2A40C0255BE37F74 /* AuraTokens.generated.swift in Sources */,
				001C1799607597FF87EBFD4A /* AuraZoneMath.swift in Sources */,
				08303D4153F7A4F7308F8E29 /* ConnectorManagement.swift in Sources */,
				B94418F69209D235626E4604 /* CycleLog.swift in Sources */,
				F6C2EFE83D77D679E91FAE4F /* JournalCatalog.swift in Sources */,
				EC585609D58CB5277B65DA2A /* MavAnalyticsEngine.swift in Sources */,
				6DEE8D42435079CF6E716878 /* MavAnalyticsState.swift in Sources */,
				0A43E7DF07B123CC1A3A68C9 /* MavAnalyticsView.swift in Sources */,
				A5C07676138137A686BB37DB /* MavBackgroundAnalytics.swift in Sources */,
				6F5EE7855CCD859B56BD52C0 /* MavBluetoothExecutor.swift in Sources */,
				2146C851E65CF4084D14FF92 /* MavCharts.swift in Sources */,
				161D7828D7BCE20AC62240C9 /* MavConnectorsView.swift in Sources */,
				303F66DA6FD245A4330913DC /* MavCoreAnalyticsRuntime.swift in Sources */,
				3AD15B2DF057BF520A644944 /* MavCycleView.swift in Sources */,
				EACDB7CBB5BD13C69E48EF8C /* MavDebugFixture.swift in Sources */,
				8869115C5E55A9F3DCCD5C2A /* MavDeviceSheet.swift in Sources */,
				86BD6AA620F79837FFC7825F /* MavEcgClassifier.swift in Sources */,
				82DF30F6A96F5E052679DDAA /* MavEcgPDFRenderer.swift in Sources */,
				D6CF0895F281D6F2C2FE32AD /* MavEcgTrace.swift in Sources */,
				0C7508FE60D710A6AA5AC1D5 /* MavEcgView.swift in Sources */,
				A33EBA4378436EEDEBED4E45 /* MavHaptics.swift in Sources */,
				C9FA090530F118AB9D0ED14F /* MavKit.swift in Sources */,
				8818B43E586A9FD27E9EE9BE /* MavMetric.swift in Sources */,
				FA189889F918147EB9581B3A /* MavMetricDetailView.swift in Sources */,
				B667A38057FBBD8E044E8AC4 /* MavMilestones.swift in Sources */,
				84F63BD9D11757B944766716 /* MavModelBridge.swift in Sources */,
				2551097DB8C58253ED4F1BDA /* MavModelCatalog.swift in Sources */,
				FC838EFEA78C5A7F3CCC6109 /* MavModelRunner.swift in Sources */,
				7C02476652A0BE902180CAEC /* MavNarrative.swift in Sources */,
				C7C7C75EE912047AFAF132AB /* MavPresent.swift in Sources */,
				0704DAE09FC49A06C7339048 /* MavReportsView.swift in Sources */,
				B638943B2904B7A8C2E7BB64 /* MavSettingsSheet.swift in Sources */,
				E9AF946776AC7C5F387AEA33 /* MavShell.swift in Sources */,
				1AD6A9A1DCBB8FD7DF2BBCD8 /* MavSnapshot.swift in Sources */,
				99C083F4ACD02014DEAF18C5 /* MavSportCatalog.swift in Sources */,
				553E9AE6D0DF7E745B7DA739 /* MavStore.swift in Sources */,
				26391F9C3309AE7A5D082165 /* MavStrengthTraining.swift in Sources */,
				0381871DC5395602F0C3BE6E /* MavStrengthView.swift in Sources */,
				2B842569A22459C1F5FF7287 /* MavTheme.swift in Sources */,
				EE18BD3668F16ED5DD364CD6 /* MavTodayView.swift in Sources */,
				9CCC21EA725AD8184732BD36 /* MavVitalsView.swift in Sources */,
				0924470A2A01B324BD7C488B /* MavWorkoutsView.swift in Sources */,
				6B0CCD0F533DB8A4AD46E59E /* MaverickApp.swift in Sources */,
				F9B051DDAABCD2C617778E8E /* ReadModels.swift in Sources */,
				F74FA0B4233F12D3283A2CF5 /* Repository.swift in Sources */,
				5A4BF1053485D23EF5E8E1C0 /* RouteMath.swift in Sources */,
				851D19A9AEF12ECC33DB5F91 /* StoreDiagnostics.swift in Sources */,
				0A3B4F6246F49465765D012D /* Stores.swift in Sources */,
				E3E51251BDEDD1881B74BC8B /* TrainingTargets.swift in Sources */,
				83E9910722A3DB8A35E88BEB /* Units.swift in Sources */,
				13712B5736355DB09AD5912E /* WorkoutPrefs.swift in Sources */,
				EDE3AE771981914E2B636908 /* WorkoutZones.swift in Sources */,
				9B0E3A7CCBEA86CDBF0AFE35 /* activity_context_embedding.mlpackage in Sources */,
				633F9F33468C047D2B0978CD /* activity_detection.mlpackage in Sources */,
				00D151E134739C2FE0F8B841 /* activity_ensemble.mlpackage in Sources */,
				00858036903D79DB00741558 /* activity_history_transformer.mlpackage in Sources */,
				76BA140473B5D1A65F12968A /* activity_primary_segments.mlpackage in Sources */,
				D1DC47E9047D8ABE8188B79E /* activity_secondary_segments.mlpackage in Sources */,
				B68615E8FC696FF66BECC302 /* activity_transition.mlpackage in Sources */,
				14BF58C6BE688FBB17785DCF /* awhr_imputation.mlpackage in Sources */,
				6C76DD0C5B5AB79E65502A74 /* awhr_profile_core.mlpackage in Sources */,
				30ECCB50D68E0447A32152FB /* awhr_profile_head.mlpackage in Sources */,
				EA49C95949F8915775CACF7C /* awhr_profile_recurrent.mlpackage in Sources */,
				57AAD6FC22ACA6EB1838AA13 /* behavior_embedding.mlpackage in Sources */,
				573A30C787107C21D9955132 /* cva_encoder.mlpackage in Sources */,
				820B63742917AD5AE9DCC197 /* cva_predictor_v1_base.mlpackage in Sources */,
				6C9D8AA048EBCB240FFC0D31 /* cva_probes_female.mlpackage in Sources */,
				EE7327725A6BEEDDCD1BE92D /* cva_probes_male.mlpackage in Sources */,
				D3590C975B9FE838FEC4CB73 /* dhrv_imputation.mlpackage in Sources */,
				F76E90CD00CFCCF0D1F8A8C3 /* energy_expenditure_hr.mlpackage in Sources */,
				B5F048BB0A13BFE5B2F192E7 /* energy_expenditure_no_hr.mlpackage in Sources */,
				2B9F75CC58EC128BF5EF6F83 /* halite_ppg_score.mlpackage in Sources */,
				6C5ECDECDDD599A96E8E3B3C /* halite_risk_tree.mlpackage in Sources */,
				91924DBCB0AD9E7D13637855 /* illness_detection.mlpackage in Sources */,
				4A41D2CC9FC247088006CB19 /* mav_ffi.swift in Sources */,
				50FCE15FBAC6697F5B2AC2C0 /* nao_full_ecg_model_fp16.mlpackage in Sources */,
				3028738B38DC4CC5BA121DFC /* popsicle_min_follicular.mlpackage in Sources */,
				459750D38A50F9C1D46E375D /* popsicle_min_follicular_v16.mlpackage in Sources */,
				C8611DB2185D637C18CE6C08 /* popsicle_ovulation_detection.mlpackage in Sources */,
				D1F7BE93ED08ACB5FA4B42E4 /* popsicle_ovulation_detection_v16.mlpackage in Sources */,
				3264799A6E985917C2DC9528 /* popsicle_ovulation_prediction.mlpackage in Sources */,
				5034D7315ED71F586C2BEC07 /* popsicle_ovulation_prediction_v16.mlpackage in Sources */,
				4E81B38D48BDB49C2B493171 /* popsicle_period_prediction.mlpackage in Sources */,
				45723AE4FB79A0449A80D58C /* popsicle_period_prediction_v16.mlpackage in Sources */,
				1A80ECA32F8DCB1047063A5D /* pulse_ppg.mlpackage in Sources */,
				527465D77BB9B5B5AFB309EC /* pulsenet_foundation.mlpackage in Sources */,
				26D0EA0FBB6498B82C59F88D /* sleepnet_bdi.mlpackage in Sources */,
				0A19B8C5D77D6F8429D8CDA9 /* sleepnet_bdi_v3.mlpackage in Sources */,
				67C0B62BD1C1E806705B9BE9 /* sleepnet_moonstone.mlpackage in Sources */,
				BE88F51C439C6B5C87199E90 /* source_embedding.mlpackage in Sources */,
				CCEE7127CE9843DD56CD519D /* step_eligibility.mlpackage in Sources */,
				DAA0C614E3DEF36ABF76BDDB /* step_head.mlpackage in Sources */,
				BE9A55E8AA3FCE7CBE8A1806 /* step_multiplier.mlpackage in Sources */,
				EAA03D5EE2B54DBDCD09B86E /* whr_unet_encoder.mlpackage in Sources */,
				FAFC29EEDB2066BABCA30405 /* whr_unet_head.mlpackage in Sources */,
			);
			runOnlyForDeploymentPostprocessing = 0;
		};
/* End PBXSourcesBuildPhase section */

/* Begin PBXTargetDependency section */
		A48357E4ECB9F4D48D4E589A /* PBXTargetDependency */ = {
			isa = PBXTargetDependency;
			target = B7AB589C45DFAC129547CB2B /* Maverick */;
			targetProxy = A91F3819C193E6A082BE4764 /* PBXContainerItemProxy */;
		};
/* End PBXTargetDependency section */

/* Begin PBXVariantGroup section */
		5D9A0CF5903C198DB3FCD4AE /* Localizable.strings */ = {
			isa = PBXVariantGroup;
			children = (
				9D485FC3081E36E2779949CD /* en */,
			);
			name = Localizable.strings;
			sourceTree = "<group>";
		};
/* End PBXVariantGroup section */

/* Begin XCBuildConfiguration section */
		1CD2D3672AE4F8FC4D99F16F /* Release */ = {
			isa = XCBuildConfiguration;
			buildSettings = {
				ASSETCATALOG_COMPILER_APPICON_NAME = AppIcon;
				CODE_SIGN_IDENTITY = "iPhone Developer";
				FRAMEWORK_SEARCH_PATHS = (
					"$(inherited)",
					"\"build/mav-core\"",
				);
				GENERATE_INFOPLIST_FILE = NO;
				INFOPLIST_FILE = Maverick/Info.plist;
				IPHONEOS_DEPLOYMENT_TARGET = 26.0;
				LD_RUNPATH_SEARCH_PATHS = (
					"$(inherited)",
					"@executable_path/Frameworks",
				);
				PRODUCT_BUNDLE_IDENTIFIER = com.sennnen.mav;
				PRODUCT_NAME = Mav;
				SDKROOT = iphoneos;
				TARGETED_DEVICE_FAMILY = "1,2";
			};
			name = Release;
		};
		249C564AB878441D05D8584A /* Debug */ = {
			isa = XCBuildConfiguration;
			buildSettings = {
				ASSETCATALOG_COMPILER_APPICON_NAME = AppIcon;
				CODE_SIGN_IDENTITY = "iPhone Developer";
				FRAMEWORK_SEARCH_PATHS = (
					"$(inherited)",
					"\"build/mav-core\"",
				);
				GENERATE_INFOPLIST_FILE = NO;
				INFOPLIST_FILE = Maverick/Info.plist;
				IPHONEOS_DEPLOYMENT_TARGET = 26.0;
				LD_RUNPATH_SEARCH_PATHS = (
					"$(inherited)",
					"@executable_path/Frameworks",
				);
				PRODUCT_BUNDLE_IDENTIFIER = com.sennnen.mav;
				PRODUCT_NAME = Mav;
				SDKROOT = iphoneos;
				TARGETED_DEVICE_FAMILY = "1,2";
			};
			name = Debug;
		};
		66DA1BCE2849459C2CED32D2 /* Debug */ = {
			isa = XCBuildConfiguration;
			buildSettings = {
				BUNDLE_LOADER = "$(TEST_HOST)";
				GENERATE_INFOPLIST_FILE = YES;
				IPHONEOS_DEPLOYMENT_TARGET = 26.0;
				LD_RUNPATH_SEARCH_PATHS = (
					"$(inherited)",
					"@executable_path/Frameworks",
					"@loader_path/Frameworks",
				);
				PRODUCT_BUNDLE_IDENTIFIER = com.sennnen.MaverickTests;
				SDKROOT = iphoneos;
				TARGETED_DEVICE_FAMILY = "1,2";
				TEST_HOST = "$(BUILT_PRODUCTS_DIR)/Mav.app/Mav";
			};
			name = Debug;
		};
		AE327928D1FB88C48F238926 /* Release */ = {
			isa = XCBuildConfiguration;
			buildSettings = {
				ALWAYS_SEARCH_USER_PATHS = NO;
				CLANG_ANALYZER_NONNULL = YES;
				CLANG_ANALYZER_NUMBER_OBJECT_CONVERSION = YES_AGGRESSIVE;
				CLANG_CXX_LANGUAGE_STANDARD = "gnu++14";
				CLANG_CXX_LIBRARY = "libc++";
				CLANG_ENABLE_MODULES = YES;
				CLANG_ENABLE_OBJC_ARC = YES;
				CLANG_ENABLE_OBJC_WEAK = YES;
				CLANG_WARN_BLOCK_CAPTURE_AUTORELEASING = YES;
				CLANG_WARN_BOOL_CONVERSION = YES;
				CLANG_WARN_COMMA = YES;
				CLANG_WARN_CONSTANT_CONVERSION = YES;
				CLANG_WARN_DEPRECATED_OBJC_IMPLEMENTATIONS = YES;
				CLANG_WARN_DIRECT_OBJC_ISA_USAGE = YES_ERROR;
				CLANG_WARN_DOCUMENTATION_COMMENTS = YES;
				CLANG_WARN_EMPTY_BODY = YES;
				CLANG_WARN_ENUM_CONVERSION = YES;
				CLANG_WARN_INFINITE_RECURSION = YES;
				CLANG_WARN_INT_CONVERSION = YES;
				CLANG_WARN_NON_LITERAL_NULL_CONVERSION = YES;
				CLANG_WARN_OBJC_IMPLICIT_RETAIN_SELF = YES;
				CLANG_WARN_OBJC_LITERAL_CONVERSION = YES;
				CLANG_WARN_OBJC_ROOT_CLASS = YES_ERROR;
				CLANG_WARN_QUOTED_INCLUDE_IN_FRAMEWORK_HEADER = YES;
				CLANG_WARN_RANGE_LOOP_ANALYSIS = YES;
				CLANG_WARN_STRICT_PROTOTYPES = YES;
				CLANG_WARN_SUSPICIOUS_MOVE = YES;
				CLANG_WARN_UNGUARDED_AVAILABILITY = YES_AGGRESSIVE;
				CLANG_WARN_UNREACHABLE_CODE = YES;
				CLANG_WARN__DUPLICATE_METHOD_MATCH = YES;
				CODE_SIGN_STYLE = Automatic;
				COPY_PHASE_STRIP = NO;
				CURRENT_PROJECT_VERSION = 1;
				DEBUG_INFORMATION_FORMAT = "dwarf-with-dsym";
				ENABLE_NS_ASSERTIONS = NO;
				ENABLE_STRICT_OBJC_MSGSEND = YES;
				GCC_C_LANGUAGE_STANDARD = gnu11;
				GCC_NO_COMMON_BLOCKS = YES;
				GCC_WARN_64_TO_32_BIT_CONVERSION = YES;
				GCC_WARN_ABOUT_RETURN_TYPE = YES_ERROR;
				GCC_WARN_UNDECLARED_SELECTOR = YES;
				GCC_WARN_UNINITIALIZED_AUTOS = YES_AGGRESSIVE;
				GCC_WARN_UNUSED_FUNCTION = YES;
				GCC_WARN_UNUSED_VARIABLE = YES;
				IPHONEOS_DEPLOYMENT_TARGET = 26.0;
				MARKETING_VERSION = 0.1.0;
				MTL_ENABLE_DEBUG_INFO = NO;
				MTL_FAST_MATH = YES;
				PRODUCT_NAME = "$(TARGET_NAME)";
				SDKROOT = iphoneos;
				SWIFT_COMPILATION_MODE = wholemodule;
				SWIFT_OPTIMIZATION_LEVEL = "-O";
				SWIFT_STRICT_CONCURRENCY = minimal;
				SWIFT_VERSION = 5.10;
			};
			name = Release;
		};
		EBCE24AFF3D7D1E7A0F0168D /* Release */ = {
			isa = XCBuildConfiguration;
			buildSettings = {
				BUNDLE_LOADER = "$(TEST_HOST)";
				GENERATE_INFOPLIST_FILE = YES;
				IPHONEOS_DEPLOYMENT_TARGET = 26.0;
				LD_RUNPATH_SEARCH_PATHS = (
					"$(inherited)",
					"@executable_path/Frameworks",
					"@loader_path/Frameworks",
				);
				PRODUCT_BUNDLE_IDENTIFIER = com.sennnen.MaverickTests;
				SDKROOT = iphoneos;
				TARGETED_DEVICE_FAMILY = "1,2";
				TEST_HOST = "$(BUILT_PRODUCTS_DIR)/Mav.app/Mav";
			};
			name = Release;
		};
		FE03B7E66A58767481497BD8 /* Debug */ = {
			isa = XCBuildConfiguration;
			buildSettings = {
				ALWAYS_SEARCH_USER_PATHS = NO;
				CLANG_ANALYZER_NONNULL = YES;
				CLANG_ANALYZER_NUMBER_OBJECT_CONVERSION = YES_AGGRESSIVE;
				CLANG_CXX_LANGUAGE_STANDARD = "gnu++14";
				CLANG_CXX_LIBRARY = "libc++";
				CLANG_ENABLE_MODULES = YES;
				CLANG_ENABLE_OBJC_ARC = YES;
				CLANG_ENABLE_OBJC_WEAK = YES;
				CLANG_WARN_BLOCK_CAPTURE_AUTORELEASING = YES;
				CLANG_WARN_BOOL_CONVERSION = YES;
				CLANG_WARN_COMMA = YES;
				CLANG_WARN_CONSTANT_CONVERSION = YES;
				CLANG_WARN_DEPRECATED_OBJC_IMPLEMENTATIONS = YES;
				CLANG_WARN_DIRECT_OBJC_ISA_USAGE = YES_ERROR;
				CLANG_WARN_DOCUMENTATION_COMMENTS = YES;
				CLANG_WARN_EMPTY_BODY = YES;
				CLANG_WARN_ENUM_CONVERSION = YES;
				CLANG_WARN_INFINITE_RECURSION = YES;
				CLANG_WARN_INT_CONVERSION = YES;
				CLANG_WARN_NON_LITERAL_NULL_CONVERSION = YES;
				CLANG_WARN_OBJC_IMPLICIT_RETAIN_SELF = YES;
				CLANG_WARN_OBJC_LITERAL_CONVERSION = YES;
				CLANG_WARN_OBJC_ROOT_CLASS = YES_ERROR;
				CLANG_WARN_QUOTED_INCLUDE_IN_FRAMEWORK_HEADER = YES;
				CLANG_WARN_RANGE_LOOP_ANALYSIS = YES;
				CLANG_WARN_STRICT_PROTOTYPES = YES;
				CLANG_WARN_SUSPICIOUS_MOVE = YES;
				CLANG_WARN_UNGUARDED_AVAILABILITY = YES_AGGRESSIVE;
				CLANG_WARN_UNREACHABLE_CODE = YES;
				CLANG_WARN__DUPLICATE_METHOD_MATCH = YES;
				CODE_SIGN_STYLE = Automatic;
				COPY_PHASE_STRIP = NO;
				CURRENT_PROJECT_VERSION = 1;
				DEBUG_INFORMATION_FORMAT = dwarf;
				ENABLE_STRICT_OBJC_MSGSEND = YES;
				ENABLE_TESTABILITY = YES;
				GCC_C_LANGUAGE_STANDARD = gnu11;
				GCC_DYNAMIC_NO_PIC = NO;
				GCC_NO_COMMON_BLOCKS = YES;
				GCC_OPTIMIZATION_LEVEL = 0;
				GCC_PREPROCESSOR_DEFINITIONS = (
					"$(inherited)",
					"DEBUG=1",
				);
				GCC_WARN_64_TO_32_BIT_CONVERSION = YES;
				GCC_WARN_ABOUT_RETURN_TYPE = YES_ERROR;
				GCC_WARN_UNDECLARED_SELECTOR = YES;
				GCC_WARN_UNINITIALIZED_AUTOS = YES_AGGRESSIVE;
				GCC_WARN_UNUSED_FUNCTION = YES;
				GCC_WARN_UNUSED_VARIABLE = YES;
				IPHONEOS_DEPLOYMENT_TARGET = 26.0;
				MARKETING_VERSION = 0.1.0;
				MTL_ENABLE_DEBUG_INFO = INCLUDE_SOURCE;
				MTL_FAST_MATH = YES;
				ONLY_ACTIVE_ARCH = YES;
				PRODUCT_NAME = "$(TARGET_NAME)";
				SDKROOT = iphoneos;
				SWIFT_ACTIVE_COMPILATION_CONDITIONS = DEBUG;
				SWIFT_OPTIMIZATION_LEVEL = "-Onone";
				SWIFT_STRICT_CONCURRENCY = minimal;
				SWIFT_VERSION = 5.10;
			};
			name = Debug;
		};
/* End XCBuildConfiguration section */

/* Begin XCConfigurationList section */
		87A32B25DD70260A350B441E /* Build configuration list for PBXNativeTarget "Maverick" */ = {
			isa = XCConfigurationList;
			buildConfigurations = (
				249C564AB878441D05D8584A /* Debug */,
				1CD2D3672AE4F8FC4D99F16F /* Release */,
			);
			defaultConfigurationIsVisible = 0;
			defaultConfigurationName = Debug;
		};
		C16522AA8A0DE0F9F8F89D68 /* Build configuration list for PBXNativeTarget "MaverickTests" */ = {
			isa = XCConfigurationList;
			buildConfigurations = (
				66DA1BCE2849459C2CED32D2 /* Debug */,
				EBCE24AFF3D7D1E7A0F0168D /* Release */,
			);
			defaultConfigurationIsVisible = 0;
			defaultConfigurationName = Debug;
		};
		CCD9D29A4B569C984F1EB29B /* Build configuration list for PBXProject "Maverick" */ = {
			isa = XCConfigurationList;
			buildConfigurations = (
				FE03B7E66A58767481497BD8 /* Debug */,
				AE327928D1FB88C48F238926 /* Release */,
			);
			defaultConfigurationIsVisible = 0;
			defaultConfigurationName = Debug;
		};
/* End XCConfigurationList section */
	};
	rootObject = 52F1BE0A143BF1B4318C4815 /* Project object */;
}
