// !$*UTF8*$!
{
	archiveVersion = 1;
	classes = {
	};
	objectVersion = 77;
	objects = {

/* Begin PBXBuildFile section */
		074FFD7570F5BFC8C5762C64 /* AuraPrivacyAndReminders.swift in Sources */ = {isa = PBXBuildFile; fileRef = D93CFCF7FFB51503B675A857 /* AuraPrivacyAndReminders.swift */; };
		0A3B4F6246F49465765D012D /* Stores.swift in Sources */ = {isa = PBXBuildFile; fileRef = E5CC4D752270D3E077DB9AF3 /* Stores.swift */; };
		13712B5736355DB09AD5912E /* WorkoutPrefs.swift in Sources */ = {isa = PBXBuildFile; fileRef = 1142256492D4FB00CB48A6C9 /* WorkoutPrefs.swift */; };
		1AD6A9A1DCBB8FD7DF2BBCD8 /* MavSnapshot.swift in Sources */ = {isa = PBXBuildFile; fileRef = D81BB132E15FD138D990D171 /* MavSnapshot.swift */; };
		3AB8E1D6D09A5D3614768ED0 /* AuraCharts.swift in Sources */ = {isa = PBXBuildFile; fileRef = EE416D965CBA9D93D9BE3557 /* AuraCharts.swift */; };
		3BCF0B190991191920AE22D1 /* CountdownTimer.swift in Sources */ = {isa = PBXBuildFile; fileRef = 2471D0FFBE74F673839C2559 /* CountdownTimer.swift */; };
		553E9AE6D0DF7E745B7DA739 /* MavStore.swift in Sources */ = {isa = PBXBuildFile; fileRef = 9F54528C914D0CBF2B09C338 /* MavStore.swift */; };
		5A4BF1053485D23EF5E8E1C0 /* RouteMath.swift in Sources */ = {isa = PBXBuildFile; fileRef = 61B0D1EF5B46E5E015A8AE03 /* RouteMath.swift */; };
		5C784B0B19D4546E99E69298 /* AuraMetricDetailView.swift in Sources */ = {isa = PBXBuildFile; fileRef = E43401383DF23421DD8A7A61 /* AuraMetricDetailView.swift */; };
		603A65AB3D6EF0ADA2B83EBD /* WidgetAnchorTests.swift in Sources */ = {isa = PBXBuildFile; fileRef = 186BBE0388C59C875F86413D /* WidgetAnchorTests.swift */; };
		619577474C9D1261A3C6F7BA /* MavCore.xcframework in Frameworks */ = {isa = PBXBuildFile; fileRef = BC4DDC7FE63A5BD0D9B52928 /* MavCore.xcframework */; };
		65C886E50B5952FE770E4C21 /* RootTabView.swift in Sources */ = {isa = PBXBuildFile; fileRef = 8B2CF897638B4C75BC7C1243 /* RootTabView.swift */; };
		6B0CCD0F533DB8A4AD46E59E /* MaverickApp.swift in Sources */ = {isa = PBXBuildFile; fileRef = BC45713B7650201F3BBA999F /* MaverickApp.swift */; };
		77B3C1862E9BB9FB39C63751 /* AuraReportsView.swift in Sources */ = {isa = PBXBuildFile; fileRef = 32966D295C38E3DD4B2FD078 /* AuraReportsView.swift */; };
		80D8107662E93D88B1E0C6D9 /* AuraMLSignalsCard.swift in Sources */ = {isa = PBXBuildFile; fileRef = C492F56CD3FCD0D397982F67 /* AuraMLSignalsCard.swift */; };
		83E9910722A3DB8A35E88BEB /* Units.swift in Sources */ = {isa = PBXBuildFile; fileRef = F0773D80E2F6F94F0D2412C4 /* Units.swift */; };
		851D19A9AEF12ECC33DB5F91 /* StoreDiagnostics.swift in Sources */ = {isa = PBXBuildFile; fileRef = F7C7D073C4D7BBF3084890F5 /* StoreDiagnostics.swift */; };
		919DAAE1B11C6E0DD70145C1 /* AuraJournalView.swift in Sources */ = {isa = PBXBuildFile; fileRef = 458ABBE60B3413C9594CF92F /* AuraJournalView.swift */; };
		9344A42D3645B6F6A7CCD831 /* MavSnapshotTests.swift in Sources */ = {isa = PBXBuildFile; fileRef = 14A49EDDB7C36481A91500DC /* MavSnapshotTests.swift */; };
		9B264E0D37BC2000DBF4DD15 /* AuraRecoveryView.swift in Sources */ = {isa = PBXBuildFile; fileRef = 1C95D1D514A93EC401555036 /* AuraRecoveryView.swift */; };
		9DB7DDF0AE4328F9155FF528 /* AuraDiagnosticsView.swift in Sources */ = {isa = PBXBuildFile; fileRef = DBAA41987E4FDBAE6506ADE1 /* AuraDiagnosticsView.swift */; };
		A0C68A9742EDD890323B8796 /* AuraStrainView.swift in Sources */ = {isa = PBXBuildFile; fileRef = 1C83D3F7F5C43D34D588F75C /* AuraStrainView.swift */; };
		A758F0F46CE54ED26BA9117D /* AuraTodayView.swift in Sources */ = {isa = PBXBuildFile; fileRef = F5E9C32A0B6BB7C041B87B92 /* AuraTodayView.swift */; };
		A8B6169C4DA6A9B2EED38404 /* AnalyticsShims.swift in Sources */ = {isa = PBXBuildFile; fileRef = 216A2D51C2F5A4AFA7E58359 /* AnalyticsShims.swift */; };
		AF57F90448635067359EF047 /* LoopingTimePicker.swift in Sources */ = {isa = PBXBuildFile; fileRef = 5E7855CD9B4096D278EABEFB /* LoopingTimePicker.swift */; };
		C32B8C52A8CC41B4EF385659 /* AuraKit.swift in Sources */ = {isa = PBXBuildFile; fileRef = 9153FCF75B63AE80DEC03486 /* AuraKit.swift */; };
		C7E950C8D717EB6627408530 /* Appearance.swift in Sources */ = {isa = PBXBuildFile; fileRef = 06C308EF1E54DE57286D0D95 /* Appearance.swift */; };
		CAF8E3A53AAF761504B1A1BD /* MavStandins.swift in Sources */ = {isa = PBXBuildFile; fileRef = 949AEBF0671C3B8EF4A6A1D3 /* MavStandins.swift */; };
		CC362DE599DD7DA18CFE1339 /* AuraHubHeader.swift in Sources */ = {isa = PBXBuildFile; fileRef = 06175A030CF83F9ADC88E4B9 /* AuraHubHeader.swift */; };
		CD161B5CF23338BF80749B0C /* AuraSleepHubView.swift in Sources */ = {isa = PBXBuildFile; fileRef = 92C070832BB99631789D4731 /* AuraSleepHubView.swift */; };
		D801172ADD9543DED4A50BCF /* AuraDesign.swift in Sources */ = {isa = PBXBuildFile; fileRef = 8271E24213177A8CCA6A4B57 /* AuraDesign.swift */; };
		D8764DE30F25A170827D584A /* NavRouter.swift in Sources */ = {isa = PBXBuildFile; fileRef = 0EDBE2184C3A41D1A0BE599A /* NavRouter.swift */; };
		E3E51251BDEDD1881B74BC8B /* TrainingTargets.swift in Sources */ = {isa = PBXBuildFile; fileRef = 0DB9A882C4DE52613D3F964C /* TrainingTargets.swift */; };
		ED17A345F1496A20B032DA06 /* AuraTrendsView.swift in Sources */ = {isa = PBXBuildFile; fileRef = 7249FF52F9180D25C0115C9F /* AuraTrendsView.swift */; };
		EDE3AE771981914E2B636908 /* WorkoutZones.swift in Sources */ = {isa = PBXBuildFile; fileRef = EB9B4905A2A02F23F7DD65BF /* WorkoutZones.swift */; };
		EE89D96AEAADAB436299F83A /* AuraSettingsSheet.swift in Sources */ = {isa = PBXBuildFile; fileRef = FED0CA782D13BBFDE108BC7D /* AuraSettingsSheet.swift */; };
		F6C2EFE83D77D679E91FAE4F /* JournalCatalog.swift in Sources */ = {isa = PBXBuildFile; fileRef = E5C0ACFC5483F357F3E50E52 /* JournalCatalog.swift */; };
		F74FA0B4233F12D3283A2CF5 /* Repository.swift in Sources */ = {isa = PBXBuildFile; fileRef = 20DD728BFA39E9918A058CD9 /* Repository.swift */; };
		F98C4AD70962584CB2B5E688 /* AuraComponents.swift in Sources */ = {isa = PBXBuildFile; fileRef = 19281EE56AEE60E24FEE2C4E /* AuraComponents.swift */; };
		F9B051DDAABCD2C617778E8E /* ReadModels.swift in Sources */ = {isa = PBXBuildFile; fileRef = 2142FDE4257BF0BF9F8BAF62 /* ReadModels.swift */; };
		FC76F7D0F9BF72B0C841CDB5 /* AuraTimerView.swift in Sources */ = {isa = PBXBuildFile; fileRef = 57AD7F334A2BF2765E1E4E1E /* AuraTimerView.swift */; };
		FD6CE8F4D4C9EE6745CFAE8E /* AuraScreens.swift in Sources */ = {isa = PBXBuildFile; fileRef = 50374C31A8CA5ACCE2028EC7 /* AuraScreens.swift */; };
/* End PBXBuildFile section */

/* Begin PBXContainerItemProxy section */
		A91F3819C193E6A082BE4764 /* PBXContainerItemProxy */ = {
			isa = PBXContainerItemProxy;
			containerPortal = 52F1BE0A143BF1B4318C4815 /* Project object */;
			proxyType = 1;
			remoteGlobalIDString = B7AB589C45DFAC129547CB2B;
			remoteInfo = Maverick;
		};
/* End PBXContainerItemProxy section */

/* Begin PBXFileReference section */
		06175A030CF83F9ADC88E4B9 /* AuraHubHeader.swift */ = {isa = PBXFileReference; lastKnownFileType = sourcecode.swift; path = AuraHubHeader.swift; sourceTree = "<group>"; };
		06C308EF1E54DE57286D0D95 /* Appearance.swift */ = {isa = PBXFileReference; lastKnownFileType = sourcecode.swift; path = Appearance.swift; sourceTree = "<group>"; };
		0DB9A882C4DE52613D3F964C /* TrainingTargets.swift */ = {isa = PBXFileReference; lastKnownFileType = sourcecode.swift; path = TrainingTargets.swift; sourceTree = "<group>"; };
		0EDBE2184C3A41D1A0BE599A /* NavRouter.swift */ = {isa = PBXFileReference; lastKnownFileType = sourcecode.swift; path = NavRouter.swift; sourceTree = "<group>"; };
		1142256492D4FB00CB48A6C9 /* WorkoutPrefs.swift */ = {isa = PBXFileReference; lastKnownFileType = sourcecode.swift; path = WorkoutPrefs.swift; sourceTree = "<group>"; };
		14A49EDDB7C36481A91500DC /* MavSnapshotTests.swift */ = {isa = PBXFileReference; lastKnownFileType = sourcecode.swift; path = MavSnapshotTests.swift; sourceTree = "<group>"; };
		186BBE0388C59C875F86413D /* WidgetAnchorTests.swift */ = {isa = PBXFileReference; lastKnownFileType = sourcecode.swift; path = WidgetAnchorTests.swift; sourceTree = "<group>"; };
		19281EE56AEE60E24FEE2C4E /* AuraComponents.swift */ = {isa = PBXFileReference; lastKnownFileType = sourcecode.swift; path = AuraComponents.swift; sourceTree = "<group>"; };
		1C83D3F7F5C43D34D588F75C /* AuraStrainView.swift */ = {isa = PBXFileReference; lastKnownFileType = sourcecode.swift; path = AuraStrainView.swift; sourceTree = "<group>"; };
		1C95D1D514A93EC401555036 /* AuraRecoveryView.swift */ = {isa = PBXFileReference; lastKnownFileType = sourcecode.swift; path = AuraRecoveryView.swift; sourceTree = "<group>"; };
		20DD728BFA39E9918A058CD9 /* Repository.swift */ = {isa = PBXFileReference; lastKnownFileType = sourcecode.swift; path = Repository.swift; sourceTree = "<group>"; };
		2142FDE4257BF0BF9F8BAF62 /* ReadModels.swift */ = {isa = PBXFileReference; lastKnownFileType = sourcecode.swift; path = ReadModels.swift; sourceTree = "<group>"; };
		216A2D51C2F5A4AFA7E58359 /* AnalyticsShims.swift */ = {isa = PBXFileReference; lastKnownFileType = sourcecode.swift; path = AnalyticsShims.swift; sourceTree = "<group>"; };
		2471D0FFBE74F673839C2559 /* CountdownTimer.swift */ = {isa = PBXFileReference; lastKnownFileType = sourcecode.swift; path = CountdownTimer.swift; sourceTree = "<group>"; };
		32966D295C38E3DD4B2FD078 /* AuraReportsView.swift */ = {isa = PBXFileReference; lastKnownFileType = sourcecode.swift; path = AuraReportsView.swift; sourceTree = "<group>"; };
		458ABBE60B3413C9594CF92F /* AuraJournalView.swift */ = {isa = PBXFileReference; lastKnownFileType = sourcecode.swift; path = AuraJournalView.swift; sourceTree = "<group>"; };
		50374C31A8CA5ACCE2028EC7 /* AuraScreens.swift */ = {isa = PBXFileReference; lastKnownFileType = sourcecode.swift; path = AuraScreens.swift; sourceTree = "<group>"; };
		52796BE429CD38DE8B914F0D /* MaverickTests.xctest */ = {isa = PBXFileReference; includeInIndex = 0; lastKnownFileType = wrapper.cfbundle; path = MaverickTests.xctest; sourceTree = BUILT_PRODUCTS_DIR; };
		57AD7F334A2BF2765E1E4E1E /* AuraTimerView.swift */ = {isa = PBXFileReference; lastKnownFileType = sourcecode.swift; path = AuraTimerView.swift; sourceTree = "<group>"; };
		5E7855CD9B4096D278EABEFB /* LoopingTimePicker.swift */ = {isa = PBXFileReference; lastKnownFileType = sourcecode.swift; path = LoopingTimePicker.swift; sourceTree = "<group>"; };
		61B0D1EF5B46E5E015A8AE03 /* RouteMath.swift */ = {isa = PBXFileReference; lastKnownFileType = sourcecode.swift; path = RouteMath.swift; sourceTree = "<group>"; };
		628E74D0BF2F152EC0E9409D /* Info.plist */ = {isa = PBXFileReference; lastKnownFileType = text.plist; path = Info.plist; sourceTree = "<group>"; };
		6FA0C0D2F36FCAB853951588 /* Maverick.app */ = {isa = PBXFileReference; includeInIndex = 0; lastKnownFileType = wrapper.application; path = Maverick.app; sourceTree = BUILT_PRODUCTS_DIR; };
		7249FF52F9180D25C0115C9F /* AuraTrendsView.swift */ = {isa = PBXFileReference; lastKnownFileType = sourcecode.swift; path = AuraTrendsView.swift; sourceTree = "<group>"; };
		8271E24213177A8CCA6A4B57 /* AuraDesign.swift */ = {isa = PBXFileReference; lastKnownFileType = sourcecode.swift; path = AuraDesign.swift; sourceTree = "<group>"; };
		8B2CF897638B4C75BC7C1243 /* RootTabView.swift */ = {isa = PBXFileReference; lastKnownFileType = sourcecode.swift; path = RootTabView.swift; sourceTree = "<group>"; };
		9153FCF75B63AE80DEC03486 /* AuraKit.swift */ = {isa = PBXFileReference; lastKnownFileType = sourcecode.swift; path = AuraKit.swift; sourceTree = "<group>"; };
		92C070832BB99631789D4731 /* AuraSleepHubView.swift */ = {isa = PBXFileReference; lastKnownFileType = sourcecode.swift; path = AuraSleepHubView.swift; sourceTree = "<group>"; };
		949AEBF0671C3B8EF4A6A1D3 /* MavStandins.swift */ = {isa = PBXFileReference; lastKnownFileType = sourcecode.swift; path = MavStandins.swift; sourceTree = "<group>"; };
		9F54528C914D0CBF2B09C338 /* MavStore.swift */ = {isa = PBXFileReference; lastKnownFileType = sourcecode.swift; path = MavStore.swift; sourceTree = "<group>"; };
		BC45713B7650201F3BBA999F /* MaverickApp.swift */ = {isa = PBXFileReference; lastKnownFileType = sourcecode.swift; path = MaverickApp.swift; sourceTree = "<group>"; };
		BC4DDC7FE63A5BD0D9B52928 /* MavCore.xcframework */ = {isa = PBXFileReference; lastKnownFileType = wrapper.xcframework; name = MavCore.xcframework; path = "build/mav-core/MavCore.xcframework"; sourceTree = "<group>"; };
		C492F56CD3FCD0D397982F67 /* AuraMLSignalsCard.swift */ = {isa = PBXFileReference; lastKnownFileType = sourcecode.swift; path = AuraMLSignalsCard.swift; sourceTree = "<group>"; };
		D81BB132E15FD138D990D171 /* MavSnapshot.swift */ = {isa = PBXFileReference; lastKnownFileType = sourcecode.swift; path = MavSnapshot.swift; sourceTree = "<group>"; };
		D93CFCF7FFB51503B675A857 /* AuraPrivacyAndReminders.swift */ = {isa = PBXFileReference; lastKnownFileType = sourcecode.swift; path = AuraPrivacyAndReminders.swift; sourceTree = "<group>"; };
		DBAA41987E4FDBAE6506ADE1 /* AuraDiagnosticsView.swift */ = {isa = PBXFileReference; lastKnownFileType = sourcecode.swift; path = AuraDiagnosticsView.swift; sourceTree = "<group>"; };
		E43401383DF23421DD8A7A61 /* AuraMetricDetailView.swift */ = {isa = PBXFileReference; lastKnownFileType = sourcecode.swift; path = AuraMetricDetailView.swift; sourceTree = "<group>"; };
		E5C0ACFC5483F357F3E50E52 /* JournalCatalog.swift */ = {isa = PBXFileReference; lastKnownFileType = sourcecode.swift; path = JournalCatalog.swift; sourceTree = "<group>"; };
		E5CC4D752270D3E077DB9AF3 /* Stores.swift */ = {isa = PBXFileReference; lastKnownFileType = sourcecode.swift; path = Stores.swift; sourceTree = "<group>"; };
		EB9B4905A2A02F23F7DD65BF /* WorkoutZones.swift */ = {isa = PBXFileReference; lastKnownFileType = sourcecode.swift; path = WorkoutZones.swift; sourceTree = "<group>"; };
		EE416D965CBA9D93D9BE3557 /* AuraCharts.swift */ = {isa = PBXFileReference; lastKnownFileType = sourcecode.swift; path = AuraCharts.swift; sourceTree = "<group>"; };
		F0773D80E2F6F94F0D2412C4 /* Units.swift */ = {isa = PBXFileReference; lastKnownFileType = sourcecode.swift; path = Units.swift; sourceTree = "<group>"; };
		F5E9C32A0B6BB7C041B87B92 /* AuraTodayView.swift */ = {isa = PBXFileReference; lastKnownFileType = sourcecode.swift; path = AuraTodayView.swift; sourceTree = "<group>"; };
		F7C7D073C4D7BBF3084890F5 /* StoreDiagnostics.swift */ = {isa = PBXFileReference; lastKnownFileType = sourcecode.swift; path = StoreDiagnostics.swift; sourceTree = "<group>"; };
		FED0CA782D13BBFDE108BC7D /* AuraSettingsSheet.swift */ = {isa = PBXFileReference; lastKnownFileType = sourcecode.swift; path = AuraSettingsSheet.swift; sourceTree = "<group>"; };
/* End PBXFileReference section */

/* Begin PBXFrameworksBuildPhase section */
		CBC697C6A7076D8B9B331629 /* Frameworks */ = {
			isa = PBXFrameworksBuildPhase;
			buildActionMask = 2147483647;
			files = (
				619577474C9D1261A3C6F7BA /* MavCore.xcframework in Frameworks */,
			);
			runOnlyForDeploymentPostprocessing = 0;
		};
/* End PBXFrameworksBuildPhase section */

/* Begin PBXGroup section */
		0529A7B1BF16A83A5D7EBED5 /* Products */ = {
			isa = PBXGroup;
			children = (
				6FA0C0D2F36FCAB853951588 /* Maverick.app */,
				52796BE429CD38DE8B914F0D /* MaverickTests.xctest */,
			);
			name = Products;
			sourceTree = "<group>";
		};
		0E6D5211144C68BEFD4707A9 /* build */ = {
			isa = PBXGroup;
			children = (
				243B2DF66FF42FCD4247B2B0 /* mav-core */,
			);
			path = build;
			sourceTree = "<group>";
		};
		243B2DF66FF42FCD4247B2B0 /* mav-core */ = {
			isa = PBXGroup;
			children = (
				3AD1D44A04FB95111BADB420 /* Sources */,
			);
			path = "mav-core";
			sourceTree = "<group>";
		};
		3AD1D44A04FB95111BADB420 /* Sources */ = {
			isa = PBXGroup;
			children = (
			);
			path = Sources;
			sourceTree = "<group>";
		};
		4B78B393B733F73BFC1A1181 /* Maverick */ = {
			isa = PBXGroup;
			children = (
				628E74D0BF2F152EC0E9409D /* Info.plist */,
				BC45713B7650201F3BBA999F /* MaverickApp.swift */,
				D81BB132E15FD138D990D171 /* MavSnapshot.swift */,
				9F54528C914D0CBF2B09C338 /* MavStore.swift */,
				92A1742AB61BEF6807D422EE /* Model */,
				8BFA15A6C6AC7747AE0384CE /* UI */,
			);
			path = Maverick;
			sourceTree = "<group>";
		};
		7F9449A3C0F7AA7ABACD3626 /* Frameworks */ = {
			isa = PBXGroup;
			children = (
				BC4DDC7FE63A5BD0D9B52928 /* MavCore.xcframework */,
			);
			name = Frameworks;
			sourceTree = "<group>";
		};
		8BFA15A6C6AC7747AE0384CE /* UI */ = {
			isa = PBXGroup;
			children = (
				EE416D965CBA9D93D9BE3557 /* AuraCharts.swift */,
				19281EE56AEE60E24FEE2C4E /* AuraComponents.swift */,
				8271E24213177A8CCA6A4B57 /* AuraDesign.swift */,
				DBAA41987E4FDBAE6506ADE1 /* AuraDiagnosticsView.swift */,
				06175A030CF83F9ADC88E4B9 /* AuraHubHeader.swift */,
				458ABBE60B3413C9594CF92F /* AuraJournalView.swift */,
				9153FCF75B63AE80DEC03486 /* AuraKit.swift */,
				E43401383DF23421DD8A7A61 /* AuraMetricDetailView.swift */,
				C492F56CD3FCD0D397982F67 /* AuraMLSignalsCard.swift */,
				1C95D1D514A93EC401555036 /* AuraRecoveryView.swift */,
				32966D295C38E3DD4B2FD078 /* AuraReportsView.swift */,
				50374C31A8CA5ACCE2028EC7 /* AuraScreens.swift */,
				FED0CA782D13BBFDE108BC7D /* AuraSettingsSheet.swift */,
				92C070832BB99631789D4731 /* AuraSleepHubView.swift */,
				1C83D3F7F5C43D34D588F75C /* AuraStrainView.swift */,
				57AD7F334A2BF2765E1E4E1E /* AuraTimerView.swift */,
				F5E9C32A0B6BB7C041B87B92 /* AuraTodayView.swift */,
				7249FF52F9180D25C0115C9F /* AuraTrendsView.swift */,
				5E7855CD9B4096D278EABEFB /* LoopingTimePicker.swift */,
				8B2CF897638B4C75BC7C1243 /* RootTabView.swift */,
			);
			path = UI;
			sourceTree = "<group>";
		};
		92A1742AB61BEF6807D422EE /* Model */ = {
			isa = PBXGroup;
			children = (
				216A2D51C2F5A4AFA7E58359 /* AnalyticsShims.swift */,
				06C308EF1E54DE57286D0D95 /* Appearance.swift */,
				D93CFCF7FFB51503B675A857 /* AuraPrivacyAndReminders.swift */,
				2471D0FFBE74F673839C2559 /* CountdownTimer.swift */,
				E5C0ACFC5483F357F3E50E52 /* JournalCatalog.swift */,
				949AEBF0671C3B8EF4A6A1D3 /* MavStandins.swift */,
				0EDBE2184C3A41D1A0BE599A /* NavRouter.swift */,
				2142FDE4257BF0BF9F8BAF62 /* ReadModels.swift */,
				20DD728BFA39E9918A058CD9 /* Repository.swift */,
				61B0D1EF5B46E5E015A8AE03 /* RouteMath.swift */,
				F7C7D073C4D7BBF3084890F5 /* StoreDiagnostics.swift */,
				E5CC4D752270D3E077DB9AF3 /* Stores.swift */,
				0DB9A882C4DE52613D3F964C /* TrainingTargets.swift */,
				F0773D80E2F6F94F0D2412C4 /* Units.swift */,
				1142256492D4FB00CB48A6C9 /* WorkoutPrefs.swift */,
				EB9B4905A2A02F23F7DD65BF /* WorkoutZones.swift */,
			);
			path = Model;
			sourceTree = "<group>";
		};
		975D0A4DF28DF66F623AF717 = {
			isa = PBXGroup;
			children = (
				0E6D5211144C68BEFD4707A9 /* build */,
				4B78B393B733F73BFC1A1181 /* Maverick */,
				DBF7846C5AB3FB7F01CA3F28 /* MaverickTests */,
				7F9449A3C0F7AA7ABACD3626 /* Frameworks */,
				0529A7B1BF16A83A5D7EBED5 /* Products */,
			);
			sourceTree = "<group>";
		};
		DBF7846C5AB3FB7F01CA3F28 /* MaverickTests */ = {
			isa = PBXGroup;
			children = (
				14A49EDDB7C36481A91500DC /* MavSnapshotTests.swift */,
				186BBE0388C59C875F86413D /* WidgetAnchorTests.swift */,
			);
			path = MaverickTests;
			sourceTree = "<group>";
		};
/* End PBXGroup section */

/* Begin PBXNativeTarget section */
		02787A519A893E825ED32C6B /* MaverickTests */ = {
			isa = PBXNativeTarget;
			buildConfigurationList = C16522AA8A0DE0F9F8F89D68 /* Build configuration list for PBXNativeTarget "MaverickTests" */;
			buildPhases = (
				04F84BFBE7C703FBE79D4B20 /* Sources */,
			);
			buildRules = (
			);
			dependencies = (
				A48357E4ECB9F4D48D4E589A /* PBXTargetDependency */,
			);
			name = MaverickTests;
			packageProductDependencies = (
			);
			productName = MaverickTests;
			productReference = 52796BE429CD38DE8B914F0D /* MaverickTests.xctest */;
			productType = "com.apple.product-type.bundle.unit-test";
		};
		B7AB589C45DFAC129547CB2B /* Maverick */ = {
			isa = PBXNativeTarget;
			buildConfigurationList = 87A32B25DD70260A350B441E /* Build configuration list for PBXNativeTarget "Maverick" */;
			buildPhases = (
				1B1025560BA342BD7A7D7FFC /* Sources */,
				CBC697C6A7076D8B9B331629 /* Frameworks */,
			);
			buildRules = (
			);
			dependencies = (
			);
			name = Maverick;
			packageProductDependencies = (
			);
			productName = Maverick;
			productReference = 6FA0C0D2F36FCAB853951588 /* Maverick.app */;
			productType = "com.apple.product-type.application";
		};
/* End PBXNativeTarget section */

/* Begin PBXProject section */
		52F1BE0A143BF1B4318C4815 /* Project object */ = {
			isa = PBXProject;
			attributes = {
				BuildIndependentTargetsInParallel = YES;
				LastUpgradeCheck = 1430;
				TargetAttributes = {
					02787A519A893E825ED32C6B = {
						ProvisioningStyle = Automatic;
					};
					B7AB589C45DFAC129547CB2B = {
						ProvisioningStyle = Automatic;
					};
				};
			};
			buildConfigurationList = CCD9D29A4B569C984F1EB29B /* Build configuration list for PBXProject "Maverick" */;
			developmentRegion = en;
			hasScannedForEncodings = 0;
			knownRegions = (
				Base,
				en,
			);
			mainGroup = 975D0A4DF28DF66F623AF717;
			minimizedProjectReferenceProxies = 1;
			preferredProjectObjectVersion = 77;
			productRefGroup = 0529A7B1BF16A83A5D7EBED5 /* Products */;
			projectDirPath = "";
			projectRoot = "";
			targets = (
				B7AB589C45DFAC129547CB2B /* Maverick */,
				02787A519A893E825ED32C6B /* MaverickTests */,
			);
		};
/* End PBXProject section */

/* Begin PBXSourcesBuildPhase section */
		04F84BFBE7C703FBE79D4B20 /* Sources */ = {
			isa = PBXSourcesBuildPhase;
			buildActionMask = 2147483647;
			files = (
				9344A42D3645B6F6A7CCD831 /* MavSnapshotTests.swift in Sources */,
				603A65AB3D6EF0ADA2B83EBD /* WidgetAnchorTests.swift in Sources */,
			);
			runOnlyForDeploymentPostprocessing = 0;
		};
		1B1025560BA342BD7A7D7FFC /* Sources */ = {
			isa = PBXSourcesBuildPhase;
			buildActionMask = 2147483647;
			files = (
				A8B6169C4DA6A9B2EED38404 /* AnalyticsShims.swift in Sources */,
				C7E950C8D717EB6627408530 /* Appearance.swift in Sources */,
				3AB8E1D6D09A5D3614768ED0 /* AuraCharts.swift in Sources */,
				F98C4AD70962584CB2B5E688 /* AuraComponents.swift in Sources */,
				D801172ADD9543DED4A50BCF /* AuraDesign.swift in Sources */,
				9DB7DDF0AE4328F9155FF528 /* AuraDiagnosticsView.swift in Sources */,
				CC362DE599DD7DA18CFE1339 /* AuraHubHeader.swift in Sources */,
				919DAAE1B11C6E0DD70145C1 /* AuraJournalView.swift in Sources */,
				C32B8C52A8CC41B4EF385659 /* AuraKit.swift in Sources */,
				80D8107662E93D88B1E0C6D9 /* AuraMLSignalsCard.swift in Sources */,
				5C784B0B19D4546E99E69298 /* AuraMetricDetailView.swift in Sources */,
				074FFD7570F5BFC8C5762C64 /* AuraPrivacyAndReminders.swift in Sources */,
				9B264E0D37BC2000DBF4DD15 /* AuraRecoveryView.swift in Sources */,
				77B3C1862E9BB9FB39C63751 /* AuraReportsView.swift in Sources */,
				FD6CE8F4D4C9EE6745CFAE8E /* AuraScreens.swift in Sources */,
				EE89D96AEAADAB436299F83A /* AuraSettingsSheet.swift in Sources */,
				CD161B5CF23338BF80749B0C /* AuraSleepHubView.swift in Sources */,
				A0C68A9742EDD890323B8796 /* AuraStrainView.swift in Sources */,
				FC76F7D0F9BF72B0C841CDB5 /* AuraTimerView.swift in Sources */,
				A758F0F46CE54ED26BA9117D /* AuraTodayView.swift in Sources */,
				ED17A345F1496A20B032DA06 /* AuraTrendsView.swift in Sources */,
				3BCF0B190991191920AE22D1 /* CountdownTimer.swift in Sources */,
				F6C2EFE83D77D679E91FAE4F /* JournalCatalog.swift in Sources */,
				AF57F90448635067359EF047 /* LoopingTimePicker.swift in Sources */,
				1AD6A9A1DCBB8FD7DF2BBCD8 /* MavSnapshot.swift in Sources */,
				CAF8E3A53AAF761504B1A1BD /* MavStandins.swift in Sources */,
				553E9AE6D0DF7E745B7DA739 /* MavStore.swift in Sources */,
				6B0CCD0F533DB8A4AD46E59E /* MaverickApp.swift in Sources */,
				D8764DE30F25A170827D584A /* NavRouter.swift in Sources */,
				F9B051DDAABCD2C617778E8E /* ReadModels.swift in Sources */,
				F74FA0B4233F12D3283A2CF5 /* Repository.swift in Sources */,
				65C886E50B5952FE770E4C21 /* RootTabView.swift in Sources */,
				5A4BF1053485D23EF5E8E1C0 /* RouteMath.swift in Sources */,
				851D19A9AEF12ECC33DB5F91 /* StoreDiagnostics.swift in Sources */,
				0A3B4F6246F49465765D012D /* Stores.swift in Sources */,
				E3E51251BDEDD1881B74BC8B /* TrainingTargets.swift in Sources */,
				83E9910722A3DB8A35E88BEB /* Units.swift in Sources */,
				13712B5736355DB09AD5912E /* WorkoutPrefs.swift in Sources */,
				EDE3AE771981914E2B636908 /* WorkoutZones.swift in Sources */,
			);
			runOnlyForDeploymentPostprocessing = 0;
		};
/* End PBXSourcesBuildPhase section */

/* Begin PBXTargetDependency section */
		A48357E4ECB9F4D48D4E589A /* PBXTargetDependency */ = {
			isa = PBXTargetDependency;
			target = B7AB589C45DFAC129547CB2B /* Maverick */;
			targetProxy = A91F3819C193E6A082BE4764 /* PBXContainerItemProxy */;
		};
/* End PBXTargetDependency section */

/* Begin XCBuildConfiguration section */
		1CD2D3672AE4F8FC4D99F16F /* Release */ = {
			isa = XCBuildConfiguration;
			buildSettings = {
				ASSETCATALOG_COMPILER_APPICON_NAME = AppIcon;
				CODE_SIGN_IDENTITY = "iPhone Developer";
				FRAMEWORK_SEARCH_PATHS = (
					"$(inherited)",
					"\"build/mav-core\"",
				);
				GENERATE_INFOPLIST_FILE = NO;
				INFOPLIST_FILE = Maverick/Info.plist;
				IPHONEOS_DEPLOYMENT_TARGET = 17.0;
				LD_RUNPATH_SEARCH_PATHS = (
					"$(inherited)",
					"@executable_path/Frameworks",
				);
				PRODUCT_BUNDLE_IDENTIFIER = com.sennnen.mav;
				PRODUCT_NAME = Mav;
				SDKROOT = iphoneos;
				TARGETED_DEVICE_FAMILY = "1,2";
			};
			name = Release;
		};
		249C564AB878441D05D8584A /* Debug */ = {
			isa = XCBuildConfiguration;
			buildSettings = {
				ASSETCATALOG_COMPILER_APPICON_NAME = AppIcon;
				CODE_SIGN_IDENTITY = "iPhone Developer";
				FRAMEWORK_SEARCH_PATHS = (
					"$(inherited)",
					"\"build/mav-core\"",
				);
				GENERATE_INFOPLIST_FILE = NO;
				INFOPLIST_FILE = Maverick/Info.plist;
				IPHONEOS_DEPLOYMENT_TARGET = 17.0;
				LD_RUNPATH_SEARCH_PATHS = (
					"$(inherited)",
					"@executable_path/Frameworks",
				);
				PRODUCT_BUNDLE_IDENTIFIER = com.sennnen.mav;
				PRODUCT_NAME = Mav;
				SDKROOT = iphoneos;
				TARGETED_DEVICE_FAMILY = "1,2";
			};
			name = Debug;
		};
		66DA1BCE2849459C2CED32D2 /* Debug */ = {
			isa = XCBuildConfiguration;
			buildSettings = {
				BUNDLE_LOADER = "$(TEST_HOST)";
				GENERATE_INFOPLIST_FILE = YES;
				IPHONEOS_DEPLOYMENT_TARGET = 17.0;
				LD_RUNPATH_SEARCH_PATHS = (
					"$(inherited)",
					"@executable_path/Frameworks",
					"@loader_path/Frameworks",
				);
				PRODUCT_BUNDLE_IDENTIFIER = com.sennnen.MaverickTests;
				SDKROOT = iphoneos;
				TARGETED_DEVICE_FAMILY = "1,2";
				TEST_HOST = "$(BUILT_PRODUCTS_DIR)/Mav.app/Mav";
			};
			name = Debug;
		};
		AE327928D1FB88C48F238926 /* Release */ = {
			isa = XCBuildConfiguration;
			buildSettings = {
				ALWAYS_SEARCH_USER_PATHS = NO;
				CLANG_ANALYZER_NONNULL = YES;
				CLANG_ANALYZER_NUMBER_OBJECT_CONVERSION = YES_AGGRESSIVE;
				CLANG_CXX_LANGUAGE_STANDARD = "gnu++14";
				CLANG_CXX_LIBRARY = "libc++";
				CLANG_ENABLE_MODULES = YES;
				CLANG_ENABLE_OBJC_ARC = YES;
				CLANG_ENABLE_OBJC_WEAK = YES;
				CLANG_WARN_BLOCK_CAPTURE_AUTORELEASING = YES;
				CLANG_WARN_BOOL_CONVERSION = YES;
				CLANG_WARN_COMMA = YES;
				CLANG_WARN_CONSTANT_CONVERSION = YES;
				CLANG_WARN_DEPRECATED_OBJC_IMPLEMENTATIONS = YES;
				CLANG_WARN_DIRECT_OBJC_ISA_USAGE = YES_ERROR;
				CLANG_WARN_DOCUMENTATION_COMMENTS = YES;
				CLANG_WARN_EMPTY_BODY = YES;
				CLANG_WARN_ENUM_CONVERSION = YES;
				CLANG_WARN_INFINITE_RECURSION = YES;
				CLANG_WARN_INT_CONVERSION = YES;
				CLANG_WARN_NON_LITERAL_NULL_CONVERSION = YES;
				CLANG_WARN_OBJC_IMPLICIT_RETAIN_SELF = YES;
				CLANG_WARN_OBJC_LITERAL_CONVERSION = YES;
				CLANG_WARN_OBJC_ROOT_CLASS = YES_ERROR;
				CLANG_WARN_QUOTED_INCLUDE_IN_FRAMEWORK_HEADER = YES;
				CLANG_WARN_RANGE_LOOP_ANALYSIS = YES;
				CLANG_WARN_STRICT_PROTOTYPES = YES;
				CLANG_WARN_SUSPICIOUS_MOVE = YES;
				CLANG_WARN_UNGUARDED_AVAILABILITY = YES_AGGRESSIVE;
				CLANG_WARN_UNREACHABLE_CODE = YES;
				CLANG_WARN__DUPLICATE_METHOD_MATCH = YES;
				CODE_SIGN_STYLE = Automatic;
				COPY_PHASE_STRIP = NO;
				CURRENT_PROJECT_VERSION = 1;
				DEBUG_INFORMATION_FORMAT = "dwarf-with-dsym";
				ENABLE_NS_ASSERTIONS = NO;
				ENABLE_STRICT_OBJC_MSGSEND = YES;
				GCC_C_LANGUAGE_STANDARD = gnu11;
				GCC_NO_COMMON_BLOCKS = YES;
				GCC_WARN_64_TO_32_BIT_CONVERSION = YES;
				GCC_WARN_ABOUT_RETURN_TYPE = YES_ERROR;
				GCC_WARN_UNDECLARED_SELECTOR = YES;
				GCC_WARN_UNINITIALIZED_AUTOS = YES_AGGRESSIVE;
				GCC_WARN_UNUSED_FUNCTION = YES;
				GCC_WARN_UNUSED_VARIABLE = YES;
				IPHONEOS_DEPLOYMENT_TARGET = 17.0;
				MARKETING_VERSION = 0.1.0;
				MTL_ENABLE_DEBUG_INFO = NO;
				MTL_FAST_MATH = YES;
				PRODUCT_NAME = "$(TARGET_NAME)";
				SDKROOT = iphoneos;
				SWIFT_COMPILATION_MODE = wholemodule;
				SWIFT_OPTIMIZATION_LEVEL = "-O";
				SWIFT_STRICT_CONCURRENCY = minimal;
				SWIFT_VERSION = 5.10;
			};
			name = Release;
		};
		EBCE24AFF3D7D1E7A0F0168D /* Release */ = {
			isa = XCBuildConfiguration;
			buildSettings = {
				BUNDLE_LOADER = "$(TEST_HOST)";
				GENERATE_INFOPLIST_FILE = YES;
				IPHONEOS_DEPLOYMENT_TARGET = 17.0;
				LD_RUNPATH_SEARCH_PATHS = (
					"$(inherited)",
					"@executable_path/Frameworks",
					"@loader_path/Frameworks",
				);
				PRODUCT_BUNDLE_IDENTIFIER = com.sennnen.MaverickTests;
				SDKROOT = iphoneos;
				TARGETED_DEVICE_FAMILY = "1,2";
				TEST_HOST = "$(BUILT_PRODUCTS_DIR)/Mav.app/Mav";
			};
			name = Release;
		};
		FE03B7E66A58767481497BD8 /* Debug */ = {
			isa = XCBuildConfiguration;
			buildSettings = {
				ALWAYS_SEARCH_USER_PATHS = NO;
				CLANG_ANALYZER_NONNULL = YES;
				CLANG_ANALYZER_NUMBER_OBJECT_CONVERSION = YES_AGGRESSIVE;
				CLANG_CXX_LANGUAGE_STANDARD = "gnu++14";
				CLANG_CXX_LIBRARY = "libc++";
				CLANG_ENABLE_MODULES = YES;
				CLANG_ENABLE_OBJC_ARC = YES;
				CLANG_ENABLE_OBJC_WEAK = YES;
				CLANG_WARN_BLOCK_CAPTURE_AUTORELEASING = YES;
				CLANG_WARN_BOOL_CONVERSION = YES;
				CLANG_WARN_COMMA = YES;
				CLANG_WARN_CONSTANT_CONVERSION = YES;
				CLANG_WARN_DEPRECATED_OBJC_IMPLEMENTATIONS = YES;
				CLANG_WARN_DIRECT_OBJC_ISA_USAGE = YES_ERROR;
				CLANG_WARN_DOCUMENTATION_COMMENTS = YES;
				CLANG_WARN_EMPTY_BODY = YES;
				CLANG_WARN_ENUM_CONVERSION = YES;
				CLANG_WARN_INFINITE_RECURSION = YES;
				CLANG_WARN_INT_CONVERSION = YES;
				CLANG_WARN_NON_LITERAL_NULL_CONVERSION = YES;
				CLANG_WARN_OBJC_IMPLICIT_RETAIN_SELF = YES;
				CLANG_WARN_OBJC_LITERAL_CONVERSION = YES;
				CLANG_WARN_OBJC_ROOT_CLASS = YES_ERROR;
				CLANG_WARN_QUOTED_INCLUDE_IN_FRAMEWORK_HEADER = YES;
				CLANG_WARN_RANGE_LOOP_ANALYSIS = YES;
				CLANG_WARN_STRICT_PROTOTYPES = YES;
				CLANG_WARN_SUSPICIOUS_MOVE = YES;
				CLANG_WARN_UNGUARDED_AVAILABILITY = YES_AGGRESSIVE;
				CLANG_WARN_UNREACHABLE_CODE = YES;
				CLANG_WARN__DUPLICATE_METHOD_MATCH = YES;
				CODE_SIGN_STYLE = Automatic;
				COPY_PHASE_STRIP = NO;
				CURRENT_PROJECT_VERSION = 1;
				DEBUG_INFORMATION_FORMAT = dwarf;
				ENABLE_STRICT_OBJC_MSGSEND = YES;
				ENABLE_TESTABILITY = YES;
				GCC_C_LANGUAGE_STANDARD = gnu11;
				GCC_DYNAMIC_NO_PIC = NO;
				GCC_NO_COMMON_BLOCKS = YES;
				GCC_OPTIMIZATION_LEVEL = 0;
				GCC_PREPROCESSOR_DEFINITIONS = (
					"$(inherited)",
					"DEBUG=1",
				);
				GCC_WARN_64_TO_32_BIT_CONVERSION = YES;
				GCC_WARN_ABOUT_RETURN_TYPE = YES_ERROR;
				GCC_WARN_UNDECLARED_SELECTOR = YES;
				GCC_WARN_UNINITIALIZED_AUTOS = YES_AGGRESSIVE;
				GCC_WARN_UNUSED_FUNCTION = YES;
				GCC_WARN_UNUSED_VARIABLE = YES;
				IPHONEOS_DEPLOYMENT_TARGET = 17.0;
				MARKETING_VERSION = 0.1.0;
				MTL_ENABLE_DEBUG_INFO = INCLUDE_SOURCE;
				MTL_FAST_MATH = YES;
				ONLY_ACTIVE_ARCH = YES;
				PRODUCT_NAME = "$(TARGET_NAME)";
				SDKROOT = iphoneos;
				SWIFT_ACTIVE_COMPILATION_CONDITIONS = DEBUG;
				SWIFT_OPTIMIZATION_LEVEL = "-Onone";
				SWIFT_STRICT_CONCURRENCY = minimal;
				SWIFT_VERSION = 5.10;
			};
			name = Debug;
		};
/* End XCBuildConfiguration section */

/* Begin XCConfigurationList section */
		87A32B25DD70260A350B441E /* Build configuration list for PBXNativeTarget "Maverick" */ = {
			isa = XCConfigurationList;
			buildConfigurations = (
				249C564AB878441D05D8584A /* Debug */,
				1CD2D3672AE4F8FC4D99F16F /* Release */,
			);
			defaultConfigurationIsVisible = 0;
			defaultConfigurationName = Debug;
		};
		C16522AA8A0DE0F9F8F89D68 /* Build configuration list for PBXNativeTarget "MaverickTests" */ = {
			isa = XCConfigurationList;
			buildConfigurations = (
				66DA1BCE2849459C2CED32D2 /* Debug */,
				EBCE24AFF3D7D1E7A0F0168D /* Release */,
			);
			defaultConfigurationIsVisible = 0;
			defaultConfigurationName = Debug;
		};
		CCD9D29A4B569C984F1EB29B /* Build configuration list for PBXProject "Maverick" */ = {
			isa = XCConfigurationList;
			buildConfigurations = (
				FE03B7E66A58767481497BD8 /* Debug */,
				AE327928D1FB88C48F238926 /* Release */,
			);
			defaultConfigurationIsVisible = 0;
			defaultConfigurationName = Debug;
		};
/* End XCConfigurationList section */
	};
	rootObject = 52F1BE0A143BF1B4318C4815 /* Project object */;
}
